
Microsoft Visual Studio Solution File, Format Version 12.00
# Visual Studio 15
VisualStudioVersion = 15.0.27703.2026
MinimumVisualStudioVersion = 10.0.40219.1
Project("{FAE04EC0-301F-11D3-BF4B-00C04F79EFBC}") = "bm_json_xam_forms.Android", "bm_json_xam_forms\bm_json_xam_forms.Android\bm_json_xam_forms.Android.csproj", "{FD73CF6F-E335-4F5E-AD7C-B4B11A912201}"
EndProject
Project("{FAE04EC0-301F-11D3-BF4B-00C04F79EFBC}") = "bm_json_xam_forms", "bm_json_xam_forms\bm_json_xam_forms\bm_json_xam_forms.csproj", "{0480FB72-E885-47E7-BDCA-3DC811AC13E7}"
EndProject
Global
	GlobalSection(SolutionConfigurationPlatforms) = preSolution
		Debug|Any CPU = Debug|Any CPU
		Release|Any CPU = Release|Any CPU
	EndGlobalSection
	GlobalSection(ProjectConfigurationPlatforms) = postSolution
		{FD73CF6F-E335-4F5E-AD7C-B4B11A912201}.Debug|Any CPU.ActiveCfg = Debug|Any CPU
		{FD73CF6F-E335-4F5E-AD7C-B4B11A912201}.Debug|Any CPU.Build.0 = Debug|Any CPU
		{FD73CF6F-E335-4F5E-AD7C-B4B11A912201}.Debug|Any CPU.Deploy.0 = Debug|Any CPU
		{FD73CF6F-E335-4F5E-AD7C-B4B11A912201}.Release|Any CPU.ActiveCfg = Release|Any CPU
		{FD73CF6F-E335-4F5E-AD7C-B4B11A912201}.Release|Any CPU.Build.0 = Release|Any CPU
		{FD73CF6F-E335-4F5E-AD7C-B4B11A912201}.Release|Any CPU.Deploy.0 = Release|Any CPU
		{0480FB72-E885-47E7-BDCA-3DC811AC13E7}.Debug|Any CPU.ActiveCfg = Debug|Any CPU
		{0480FB72-E885-47E7-BDCA-3DC811AC13E7}.Debug|Any CPU.Build.0 = Debug|Any CPU
		{0480FB72-E885-47E7-BDCA-3DC811AC13E7}.Debug|Any CPU.Deploy.0 = Debug|Any CPU
		{0480FB72-E885-47E7-BDCA-3DC811AC13E7}.Release|Any CPU.ActiveCfg = Release|Any CPU
		{0480FB72-E885-47E7-BDCA-3DC811AC13E7}.Release|Any CPU.Build.0 = Release|Any CPU
		{0480FB72-E885-47E7-BDCA-3DC811AC13E7}.Release|Any CPU.Deploy.0 = Release|Any CPU
	EndGlobalSection
	GlobalSection(SolutionProperties) = preSolution
		HideSolutionNode = FALSE
	EndGlobalSection
	GlobalSection(ExtensibilityGlobals) = postSolution
		SolutionGuid = {D4001197-9964-4BD3-90FF-E260A189409D}
	EndGlobalSection
EndGlobal
