
Microsoft Visual Studio Solution File, Format Version 12.00
# Visual Studio 15
VisualStudioVersion = 15.0.27703.2026
MinimumVisualStudioVersion = 10.0.40219.1
Project("{FAE04EC0-301F-11D3-BF4B-00C04F79EFBC}") = "bm_db_xam_forms.Android", "bm_db_xam_forms\bm_db_xam_forms.Android\bm_db_xam_forms.Android.csproj", "{A9D135DE-65D1-477E-9B81-DC3FCB279E4D}"
EndProject
Project("{FAE04EC0-301F-11D3-BF4B-00C04F79EFBC}") = "bm_db_xam_forms.iOS", "bm_db_xam_forms\bm_db_xam_forms.iOS\bm_db_xam_forms.iOS.csproj", "{F398BBC5-3255-40F6-9CC2-0FD8583AE769}"
EndProject
Project("{FAE04EC0-301F-11D3-BF4B-00C04F79EFBC}") = "bm_db_xam_forms", "bm_db_xam_forms\bm_db_xam_forms\bm_db_xam_forms.csproj", "{2E16F0F3-984A-49AC-9EE4-136D54F169AE}"
EndProject
Global
	GlobalSection(SolutionConfigurationPlatforms) = preSolution
		Ad-Hoc|Any CPU = Ad-Hoc|Any CPU
		Ad-Hoc|iPhone = Ad-Hoc|iPhone
		Ad-Hoc|iPhoneSimulator = Ad-Hoc|iPhoneSimulator
		AppStore|Any CPU = AppStore|Any CPU
		AppStore|iPhone = AppStore|iPhone
		AppStore|iPhoneSimulator = AppStore|iPhoneSimulator
		Debug|Any CPU = Debug|Any CPU
		Debug|iPhone = Debug|iPhone
		Debug|iPhoneSimulator = Debug|iPhoneSimulator
		Release|Any CPU = Release|Any CPU
		Release|iPhone = Release|iPhone
		Release|iPhoneSimulator = Release|iPhoneSimulator
	EndGlobalSection
	GlobalSection(ProjectConfigurationPlatforms) = postSolution
		{A9D135DE-65D1-477E-9B81-DC3FCB279E4D}.Ad-Hoc|Any CPU.ActiveCfg = Release|Any CPU
		{A9D135DE-65D1-477E-9B81-DC3FCB279E4D}.Ad-Hoc|Any CPU.Build.0 = Release|Any CPU
		{A9D135DE-65D1-477E-9B81-DC3FCB279E4D}.Ad-Hoc|Any CPU.Deploy.0 = Release|Any CPU
		{A9D135DE-65D1-477E-9B81-DC3FCB279E4D}.Ad-Hoc|iPhone.ActiveCfg = Release|Any CPU
		{A9D135DE-65D1-477E-9B81-DC3FCB279E4D}.Ad-Hoc|iPhone.Build.0 = Release|Any CPU
		{A9D135DE-65D1-477E-9B81-DC3FCB279E4D}.Ad-Hoc|iPhone.Deploy.0 = Release|Any CPU
		{A9D135DE-65D1-477E-9B81-DC3FCB279E4D}.Ad-Hoc|iPhoneSimulator.ActiveCfg = Release|Any CPU
		{A9D135DE-65D1-477E-9B81-DC3FCB279E4D}.Ad-Hoc|iPhoneSimulator.Build.0 = Release|Any CPU
		{A9D135DE-65D1-477E-9B81-DC3FCB279E4D}.Ad-Hoc|iPhoneSimulator.Deploy.0 = Release|Any CPU
		{A9D135DE-65D1-477E-9B81-DC3FCB279E4D}.AppStore|Any CPU.ActiveCfg = Release|Any CPU
		{A9D135DE-65D1-477E-9B81-DC3FCB279E4D}.AppStore|Any CPU.Build.0 = Release|Any CPU
		{A9D135DE-65D1-477E-9B81-DC3FCB279E4D}.AppStore|Any CPU.Deploy.0 = Release|Any CPU
		{A9D135DE-65D1-477E-9B81-DC3FCB279E4D}.AppStore|iPhone.ActiveCfg = Release|Any CPU
		{A9D135DE-65D1-477E-9B81-DC3FCB279E4D}.AppStore|iPhone.Build.0 = Release|Any CPU
		{A9D135DE-65D1-477E-9B81-DC3FCB279E4D}.AppStore|iPhone.Deploy.0 = Release|Any CPU
		{A9D135DE-65D1-477E-9B81-DC3FCB279E4D}.AppStore|iPhoneSimulator.ActiveCfg = Release|Any CPU
		{A9D135DE-65D1-477E-9B81-DC3FCB279E4D}.AppStore|iPhoneSimulator.Build.0 = Release|Any CPU
		{A9D135DE-65D1-477E-9B81-DC3FCB279E4D}.AppStore|iPhoneSimulator.Deploy.0 = Release|Any CPU
		{A9D135DE-65D1-477E-9B81-DC3FCB279E4D}.Debug|Any CPU.ActiveCfg = Debug|Any CPU
		{A9D135DE-65D1-477E-9B81-DC3FCB279E4D}.Debug|Any CPU.Build.0 = Debug|Any CPU
		{A9D135DE-65D1-477E-9B81-DC3FCB279E4D}.Debug|Any CPU.Deploy.0 = Debug|Any CPU
		{A9D135DE-65D1-477E-9B81-DC3FCB279E4D}.Debug|iPhone.ActiveCfg = Debug|Any CPU
		{A9D135DE-65D1-477E-9B81-DC3FCB279E4D}.Debug|iPhone.Build.0 = Debug|Any CPU
		{A9D135DE-65D1-477E-9B81-DC3FCB279E4D}.Debug|iPhone.Deploy.0 = Debug|Any CPU
		{A9D135DE-65D1-477E-9B81-DC3FCB279E4D}.Debug|iPhoneSimulator.ActiveCfg = Debug|Any CPU
		{A9D135DE-65D1-477E-9B81-DC3FCB279E4D}.Debug|iPhoneSimulator.Build.0 = Debug|Any CPU
		{A9D135DE-65D1-477E-9B81-DC3FCB279E4D}.Debug|iPhoneSimulator.Deploy.0 = Debug|Any CPU
		{A9D135DE-65D1-477E-9B81-DC3FCB279E4D}.Release|Any CPU.ActiveCfg = Release|Any CPU
		{A9D135DE-65D1-477E-9B81-DC3FCB279E4D}.Release|Any CPU.Build.0 = Release|Any CPU
		{A9D135DE-65D1-477E-9B81-DC3FCB279E4D}.Release|Any CPU.Deploy.0 = Release|Any CPU
		{A9D135DE-65D1-477E-9B81-DC3FCB279E4D}.Release|iPhone.ActiveCfg = Release|Any CPU
		{A9D135DE-65D1-477E-9B81-DC3FCB279E4D}.Release|iPhone.Build.0 = Release|Any CPU
		{A9D135DE-65D1-477E-9B81-DC3FCB279E4D}.Release|iPhone.Deploy.0 = Release|Any CPU
		{A9D135DE-65D1-477E-9B81-DC3FCB279E4D}.Release|iPhoneSimulator.ActiveCfg = Release|Any CPU
		{A9D135DE-65D1-477E-9B81-DC3FCB279E4D}.Release|iPhoneSimulator.Build.0 = Release|Any CPU
		{A9D135DE-65D1-477E-9B81-DC3FCB279E4D}.Release|iPhoneSimulator.Deploy.0 = Release|Any CPU
		{F398BBC5-3255-40F6-9CC2-0FD8583AE769}.Ad-Hoc|Any CPU.ActiveCfg = Ad-Hoc|iPhone
		{F398BBC5-3255-40F6-9CC2-0FD8583AE769}.Ad-Hoc|Any CPU.Build.0 = Ad-Hoc|iPhone
		{F398BBC5-3255-40F6-9CC2-0FD8583AE769}.Ad-Hoc|Any CPU.Deploy.0 = Ad-Hoc|iPhone
		{F398BBC5-3255-40F6-9CC2-0FD8583AE769}.Ad-Hoc|iPhone.ActiveCfg = Ad-Hoc|iPhone
		{F398BBC5-3255-40F6-9CC2-0FD8583AE769}.Ad-Hoc|iPhone.Build.0 = Ad-Hoc|iPhone
		{F398BBC5-3255-40F6-9CC2-0FD8583AE769}.Ad-Hoc|iPhone.Deploy.0 = Ad-Hoc|iPhone
		{F398BBC5-3255-40F6-9CC2-0FD8583AE769}.Ad-Hoc|iPhoneSimulator.ActiveCfg = Ad-Hoc|iPhoneSimulator
		{F398BBC5-3255-40F6-9CC2-0FD8583AE769}.Ad-Hoc|iPhoneSimulator.Build.0 = Ad-Hoc|iPhoneSimulator
		{F398BBC5-3255-40F6-9CC2-0FD8583AE769}.Ad-Hoc|iPhoneSimulator.Deploy.0 = Ad-Hoc|iPhoneSimulator
		{F398BBC5-3255-40F6-9CC2-0FD8583AE769}.AppStore|Any CPU.ActiveCfg = AppStore|iPhone
		{F398BBC5-3255-40F6-9CC2-0FD8583AE769}.AppStore|Any CPU.Build.0 = AppStore|iPhone
		{F398BBC5-3255-40F6-9CC2-0FD8583AE769}.AppStore|Any CPU.Deploy.0 = AppStore|iPhone
		{F398BBC5-3255-40F6-9CC2-0FD8583AE769}.AppStore|iPhone.ActiveCfg = AppStore|iPhone
		{F398BBC5-3255-40F6-9CC2-0FD8583AE769}.AppStore|iPhone.Build.0 = AppStore|iPhone
		{F398BBC5-3255-40F6-9CC2-0FD8583AE769}.AppStore|iPhone.Deploy.0 = AppStore|iPhone
		{F398BBC5-3255-40F6-9CC2-0FD8583AE769}.AppStore|iPhoneSimulator.ActiveCfg = AppStore|iPhoneSimulator
		{F398BBC5-3255-40F6-9CC2-0FD8583AE769}.AppStore|iPhoneSimulator.Build.0 = AppStore|iPhoneSimulator
		{F398BBC5-3255-40F6-9CC2-0FD8583AE769}.AppStore|iPhoneSimulator.Deploy.0 = AppStore|iPhoneSimulator
		{F398BBC5-3255-40F6-9CC2-0FD8583AE769}.Debug|Any CPU.ActiveCfg = Debug|iPhoneSimulator
		{F398BBC5-3255-40F6-9CC2-0FD8583AE769}.Debug|Any CPU.Build.0 = Debug|iPhoneSimulator
		{F398BBC5-3255-40F6-9CC2-0FD8583AE769}.Debug|Any CPU.Deploy.0 = Debug|iPhoneSimulator
		{F398BBC5-3255-40F6-9CC2-0FD8583AE769}.Debug|iPhone.ActiveCfg = Debug|iPhone
		{F398BBC5-3255-40F6-9CC2-0FD8583AE769}.Debug|iPhone.Build.0 = Debug|iPhone
		{F398BBC5-3255-40F6-9CC2-0FD8583AE769}.Debug|iPhone.Deploy.0 = Debug|iPhone
		{F398BBC5-3255-40F6-9CC2-0FD8583AE769}.Debug|iPhoneSimulator.ActiveCfg = Debug|iPhoneSimulator
		{F398BBC5-3255-40F6-9CC2-0FD8583AE769}.Debug|iPhoneSimulator.Build.0 = Debug|iPhoneSimulator
		{F398BBC5-3255-40F6-9CC2-0FD8583AE769}.Debug|iPhoneSimulator.Deploy.0 = Debug|iPhoneSimulator
		{F398BBC5-3255-40F6-9CC2-0FD8583AE769}.Release|Any CPU.ActiveCfg = Release|iPhone
		{F398BBC5-3255-40F6-9CC2-0FD8583AE769}.Release|Any CPU.Build.0 = Release|iPhone
		{F398BBC5-3255-40F6-9CC2-0FD8583AE769}.Release|Any CPU.Deploy.0 = Release|iPhone
		{F398BBC5-3255-40F6-9CC2-0FD8583AE769}.Release|iPhone.ActiveCfg = Release|iPhone
		{F398BBC5-3255-40F6-9CC2-0FD8583AE769}.Release|iPhone.Build.0 = Release|iPhone
		{F398BBC5-3255-40F6-9CC2-0FD8583AE769}.Release|iPhone.Deploy.0 = Release|iPhone
		{F398BBC5-3255-40F6-9CC2-0FD8583AE769}.Release|iPhoneSimulator.ActiveCfg = Release|iPhoneSimulator
		{F398BBC5-3255-40F6-9CC2-0FD8583AE769}.Release|iPhoneSimulator.Build.0 = Release|iPhoneSimulator
		{F398BBC5-3255-40F6-9CC2-0FD8583AE769}.Release|iPhoneSimulator.Deploy.0 = Release|iPhoneSimulator
		{2E16F0F3-984A-49AC-9EE4-136D54F169AE}.Ad-Hoc|Any CPU.ActiveCfg = Debug|Any CPU
		{2E16F0F3-984A-49AC-9EE4-136D54F169AE}.Ad-Hoc|Any CPU.Build.0 = Debug|Any CPU
		{2E16F0F3-984A-49AC-9EE4-136D54F169AE}.Ad-Hoc|Any CPU.Deploy.0 = Debug|Any CPU
		{2E16F0F3-984A-49AC-9EE4-136D54F169AE}.Ad-Hoc|iPhone.ActiveCfg = Debug|Any CPU
		{2E16F0F3-984A-49AC-9EE4-136D54F169AE}.Ad-Hoc|iPhone.Build.0 = Debug|Any CPU
		{2E16F0F3-984A-49AC-9EE4-136D54F169AE}.Ad-Hoc|iPhone.Deploy.0 = Debug|Any CPU
		{2E16F0F3-984A-49AC-9EE4-136D54F169AE}.Ad-Hoc|iPhoneSimulator.ActiveCfg = Debug|Any CPU
		{2E16F0F3-984A-49AC-9EE4-136D54F169AE}.Ad-Hoc|iPhoneSimulator.Build.0 = Debug|Any CPU
		{2E16F0F3-984A-49AC-9EE4-136D54F169AE}.Ad-Hoc|iPhoneSimulator.Deploy.0 = Debug|Any CPU
		{2E16F0F3-984A-49AC-9EE4-136D54F169AE}.AppStore|Any CPU.ActiveCfg = Debug|Any CPU
		{2E16F0F3-984A-49AC-9EE4-136D54F169AE}.AppStore|Any CPU.Build.0 = Debug|Any CPU
		{2E16F0F3-984A-49AC-9EE4-136D54F169AE}.AppStore|Any CPU.Deploy.0 = Debug|Any CPU
		{2E16F0F3-984A-49AC-9EE4-136D54F169AE}.AppStore|iPhone.ActiveCfg = Debug|Any CPU
		{2E16F0F3-984A-49AC-9EE4-136D54F169AE}.AppStore|iPhone.Build.0 = Debug|Any CPU
		{2E16F0F3-984A-49AC-9EE4-136D54F169AE}.AppStore|iPhone.Deploy.0 = Debug|Any CPU
		{2E16F0F3-984A-49AC-9EE4-136D54F169AE}.AppStore|iPhoneSimulator.ActiveCfg = Debug|Any CPU
		{2E16F0F3-984A-49AC-9EE4-136D54F169AE}.AppStore|iPhoneSimulator.Build.0 = Debug|Any CPU
		{2E16F0F3-984A-49AC-9EE4-136D54F169AE}.AppStore|iPhoneSimulator.Deploy.0 = Debug|Any CPU
		{2E16F0F3-984A-49AC-9EE4-136D54F169AE}.Debug|Any CPU.ActiveCfg = Debug|Any CPU
		{2E16F0F3-984A-49AC-9EE4-136D54F169AE}.Debug|Any CPU.Build.0 = Debug|Any CPU
		{2E16F0F3-984A-49AC-9EE4-136D54F169AE}.Debug|Any CPU.Deploy.0 = Debug|Any CPU
		{2E16F0F3-984A-49AC-9EE4-136D54F169AE}.Debug|iPhone.ActiveCfg = Debug|Any CPU
		{2E16F0F3-984A-49AC-9EE4-136D54F169AE}.Debug|iPhone.Build.0 = Debug|Any CPU
		{2E16F0F3-984A-49AC-9EE4-136D54F169AE}.Debug|iPhone.Deploy.0 = Debug|Any CPU
		{2E16F0F3-984A-49AC-9EE4-136D54F169AE}.Debug|iPhoneSimulator.ActiveCfg = Debug|Any CPU
		{2E16F0F3-984A-49AC-9EE4-136D54F169AE}.Debug|iPhoneSimulator.Build.0 = Debug|Any CPU
		{2E16F0F3-984A-49AC-9EE4-136D54F169AE}.Debug|iPhoneSimulator.Deploy.0 = Debug|Any CPU
		{2E16F0F3-984A-49AC-9EE4-136D54F169AE}.Release|Any CPU.ActiveCfg = Release|Any CPU
		{2E16F0F3-984A-49AC-9EE4-136D54F169AE}.Release|Any CPU.Build.0 = Release|Any CPU
		{2E16F0F3-984A-49AC-9EE4-136D54F169AE}.Release|Any CPU.Deploy.0 = Release|Any CPU
		{2E16F0F3-984A-49AC-9EE4-136D54F169AE}.Release|iPhone.ActiveCfg = Release|Any CPU
		{2E16F0F3-984A-49AC-9EE4-136D54F169AE}.Release|iPhone.Build.0 = Release|Any CPU
		{2E16F0F3-984A-49AC-9EE4-136D54F169AE}.Release|iPhone.Deploy.0 = Release|Any CPU
		{2E16F0F3-984A-49AC-9EE4-136D54F169AE}.Release|iPhoneSimulator.ActiveCfg = Release|Any CPU
		{2E16F0F3-984A-49AC-9EE4-136D54F169AE}.Release|iPhoneSimulator.Build.0 = Release|Any CPU
		{2E16F0F3-984A-49AC-9EE4-136D54F169AE}.Release|iPhoneSimulator.Deploy.0 = Release|Any CPU
	EndGlobalSection
	GlobalSection(SolutionProperties) = preSolution
		HideSolutionNode = FALSE
	EndGlobalSection
	GlobalSection(ExtensibilityGlobals) = postSolution
		SolutionGuid = {C52B12AA-12E6-4438-BBDC-4602E3232FDE}
	EndGlobalSection
EndGlobal
