
Microsoft Visual Studio Solution File, Format Version 12.00
# Visual Studio 15
VisualStudioVersion = 15.0.27703.2018
MinimumVisualStudioVersion = 10.0.40219.1
Project("{FAE04EC0-301F-11D3-BF4B-00C04F79EFBC}") = "benchmark_database_xamarin.forms.Android", "benchmark_database_xamarin.forms\benchmark_database_xamarin.forms.Android\benchmark_database_xamarin.forms.Android.csproj", "{856AF4D3-3337-4A15-AD66-F73543EA4B59}"
EndProject
Project("{FAE04EC0-301F-11D3-BF4B-00C04F79EFBC}") = "benchmark_database_xamarin.forms.iOS", "benchmark_database_xamarin.forms\benchmark_database_xamarin.forms.iOS\benchmark_database_xamarin.forms.iOS.csproj", "{6A0EF7CA-4563-4F28-9053-F2F15FFC13B7}"
EndProject
Project("{FAE04EC0-301F-11D3-BF4B-00C04F79EFBC}") = "benchmark_database_xamarin.forms.UWP", "benchmark_database_xamarin.forms\benchmark_database_xamarin.forms.UWP\benchmark_database_xamarin.forms.UWP.csproj", "{5F311F0A-8C15-488C-9E2F-C156626EB796}"
EndProject
Project("{FAE04EC0-301F-11D3-BF4B-00C04F79EFBC}") = "benchmark_database_xamarin.forms", "benchmark_database_xamarin.forms\benchmark_database_xamarin.forms\benchmark_database_xamarin.forms.csproj", "{0C679408-99FF-4827-8EE2-B24AB299236F}"
EndProject
Global
	GlobalSection(SolutionConfigurationPlatforms) = preSolution
		Ad-Hoc|Any CPU = Ad-Hoc|Any CPU
		Ad-Hoc|ARM = Ad-Hoc|ARM
		Ad-Hoc|iPhone = Ad-Hoc|iPhone
		Ad-Hoc|iPhoneSimulator = Ad-Hoc|iPhoneSimulator
		Ad-Hoc|x64 = Ad-Hoc|x64
		Ad-Hoc|x86 = Ad-Hoc|x86
		AppStore|Any CPU = AppStore|Any CPU
		AppStore|ARM = AppStore|ARM
		AppStore|iPhone = AppStore|iPhone
		AppStore|iPhoneSimulator = AppStore|iPhoneSimulator
		AppStore|x64 = AppStore|x64
		AppStore|x86 = AppStore|x86
		Debug|Any CPU = Debug|Any CPU
		Debug|ARM = Debug|ARM
		Debug|iPhone = Debug|iPhone
		Debug|iPhoneSimulator = Debug|iPhoneSimulator
		Debug|x64 = Debug|x64
		Debug|x86 = Debug|x86
		Release|Any CPU = Release|Any CPU
		Release|ARM = Release|ARM
		Release|iPhone = Release|iPhone
		Release|iPhoneSimulator = Release|iPhoneSimulator
		Release|x64 = Release|x64
		Release|x86 = Release|x86
	EndGlobalSection
	GlobalSection(ProjectConfigurationPlatforms) = postSolution
		{856AF4D3-3337-4A15-AD66-F73543EA4B59}.Ad-Hoc|Any CPU.ActiveCfg = Release|Any CPU
		{856AF4D3-3337-4A15-AD66-F73543EA4B59}.Ad-Hoc|Any CPU.Build.0 = Release|Any CPU
		{856AF4D3-3337-4A15-AD66-F73543EA4B59}.Ad-Hoc|Any CPU.Deploy.0 = Release|Any CPU
		{856AF4D3-3337-4A15-AD66-F73543EA4B59}.Ad-Hoc|ARM.ActiveCfg = Release|Any CPU
		{856AF4D3-3337-4A15-AD66-F73543EA4B59}.Ad-Hoc|ARM.Build.0 = Release|Any CPU
		{856AF4D3-3337-4A15-AD66-F73543EA4B59}.Ad-Hoc|ARM.Deploy.0 = Release|Any CPU
		{856AF4D3-3337-4A15-AD66-F73543EA4B59}.Ad-Hoc|iPhone.ActiveCfg = Release|Any CPU
		{856AF4D3-3337-4A15-AD66-F73543EA4B59}.Ad-Hoc|iPhone.Build.0 = Release|Any CPU
		{856AF4D3-3337-4A15-AD66-F73543EA4B59}.Ad-Hoc|iPhone.Deploy.0 = Release|Any CPU
		{856AF4D3-3337-4A15-AD66-F73543EA4B59}.Ad-Hoc|iPhoneSimulator.ActiveCfg = Release|Any CPU
		{856AF4D3-3337-4A15-AD66-F73543EA4B59}.Ad-Hoc|iPhoneSimulator.Build.0 = Release|Any CPU
		{856AF4D3-3337-4A15-AD66-F73543EA4B59}.Ad-Hoc|iPhoneSimulator.Deploy.0 = Release|Any CPU
		{856AF4D3-3337-4A15-AD66-F73543EA4B59}.Ad-Hoc|x64.ActiveCfg = Release|Any CPU
		{856AF4D3-3337-4A15-AD66-F73543EA4B59}.Ad-Hoc|x64.Build.0 = Release|Any CPU
		{856AF4D3-3337-4A15-AD66-F73543EA4B59}.Ad-Hoc|x64.Deploy.0 = Release|Any CPU
		{856AF4D3-3337-4A15-AD66-F73543EA4B59}.Ad-Hoc|x86.ActiveCfg = Release|Any CPU
		{856AF4D3-3337-4A15-AD66-F73543EA4B59}.Ad-Hoc|x86.Build.0 = Release|Any CPU
		{856AF4D3-3337-4A15-AD66-F73543EA4B59}.Ad-Hoc|x86.Deploy.0 = Release|Any CPU
		{856AF4D3-3337-4A15-AD66-F73543EA4B59}.AppStore|Any CPU.ActiveCfg = Release|Any CPU
		{856AF4D3-3337-4A15-AD66-F73543EA4B59}.AppStore|Any CPU.Build.0 = Release|Any CPU
		{856AF4D3-3337-4A15-AD66-F73543EA4B59}.AppStore|Any CPU.Deploy.0 = Release|Any CPU
		{856AF4D3-3337-4A15-AD66-F73543EA4B59}.AppStore|ARM.ActiveCfg = Release|Any CPU
		{856AF4D3-3337-4A15-AD66-F73543EA4B59}.AppStore|ARM.Build.0 = Release|Any CPU
		{856AF4D3-3337-4A15-AD66-F73543EA4B59}.AppStore|ARM.Deploy.0 = Release|Any CPU
		{856AF4D3-3337-4A15-AD66-F73543EA4B59}.AppStore|iPhone.ActiveCfg = Release|Any CPU
		{856AF4D3-3337-4A15-AD66-F73543EA4B59}.AppStore|iPhone.Build.0 = Release|Any CPU
		{856AF4D3-3337-4A15-AD66-F73543EA4B59}.AppStore|iPhone.Deploy.0 = Release|Any CPU
		{856AF4D3-3337-4A15-AD66-F73543EA4B59}.AppStore|iPhoneSimulator.ActiveCfg = Release|Any CPU
		{856AF4D3-3337-4A15-AD66-F73543EA4B59}.AppStore|iPhoneSimulator.Build.0 = Release|Any CPU
		{856AF4D3-3337-4A15-AD66-F73543EA4B59}.AppStore|iPhoneSimulator.Deploy.0 = Release|Any CPU
		{856AF4D3-3337-4A15-AD66-F73543EA4B59}.AppStore|x64.ActiveCfg = Release|Any CPU
		{856AF4D3-3337-4A15-AD66-F73543EA4B59}.AppStore|x64.Build.0 = Release|Any CPU
		{856AF4D3-3337-4A15-AD66-F73543EA4B59}.AppStore|x64.Deploy.0 = Release|Any CPU
		{856AF4D3-3337-4A15-AD66-F73543EA4B59}.AppStore|x86.ActiveCfg = Release|Any CPU
		{856AF4D3-3337-4A15-AD66-F73543EA4B59}.AppStore|x86.Build.0 = Release|Any CPU
		{856AF4D3-3337-4A15-AD66-F73543EA4B59}.AppStore|x86.Deploy.0 = Release|Any CPU
		{856AF4D3-3337-4A15-AD66-F73543EA4B59}.Debug|Any CPU.ActiveCfg = Debug|Any CPU
		{856AF4D3-3337-4A15-AD66-F73543EA4B59}.Debug|Any CPU.Build.0 = Debug|Any CPU
		{856AF4D3-3337-4A15-AD66-F73543EA4B59}.Debug|Any CPU.Deploy.0 = Debug|Any CPU
		{856AF4D3-3337-4A15-AD66-F73543EA4B59}.Debug|ARM.ActiveCfg = Debug|Any CPU
		{856AF4D3-3337-4A15-AD66-F73543EA4B59}.Debug|ARM.Build.0 = Debug|Any CPU
		{856AF4D3-3337-4A15-AD66-F73543EA4B59}.Debug|ARM.Deploy.0 = Debug|Any CPU
		{856AF4D3-3337-4A15-AD66-F73543EA4B59}.Debug|iPhone.ActiveCfg = Debug|Any CPU
		{856AF4D3-3337-4A15-AD66-F73543EA4B59}.Debug|iPhone.Build.0 = Debug|Any CPU
		{856AF4D3-3337-4A15-AD66-F73543EA4B59}.Debug|iPhone.Deploy.0 = Debug|Any CPU
		{856AF4D3-3337-4A15-AD66-F73543EA4B59}.Debug|iPhoneSimulator.ActiveCfg = Debug|Any CPU
		{856AF4D3-3337-4A15-AD66-F73543EA4B59}.Debug|iPhoneSimulator.Build.0 = Debug|Any CPU
		{856AF4D3-3337-4A15-AD66-F73543EA4B59}.Debug|iPhoneSimulator.Deploy.0 = Debug|Any CPU
		{856AF4D3-3337-4A15-AD66-F73543EA4B59}.Debug|x64.ActiveCfg = Debug|Any CPU
		{856AF4D3-3337-4A15-AD66-F73543EA4B59}.Debug|x64.Build.0 = Debug|Any CPU
		{856AF4D3-3337-4A15-AD66-F73543EA4B59}.Debug|x64.Deploy.0 = Debug|Any CPU
		{856AF4D3-3337-4A15-AD66-F73543EA4B59}.Debug|x86.ActiveCfg = Debug|Any CPU
		{856AF4D3-3337-4A15-AD66-F73543EA4B59}.Debug|x86.Build.0 = Debug|Any CPU
		{856AF4D3-3337-4A15-AD66-F73543EA4B59}.Debug|x86.Deploy.0 = Debug|Any CPU
		{856AF4D3-3337-4A15-AD66-F73543EA4B59}.Release|Any CPU.ActiveCfg = Release|Any CPU
		{856AF4D3-3337-4A15-AD66-F73543EA4B59}.Release|Any CPU.Build.0 = Release|Any CPU
		{856AF4D3-3337-4A15-AD66-F73543EA4B59}.Release|Any CPU.Deploy.0 = Release|Any CPU
		{856AF4D3-3337-4A15-AD66-F73543EA4B59}.Release|ARM.ActiveCfg = Release|Any CPU
		{856AF4D3-3337-4A15-AD66-F73543EA4B59}.Release|ARM.Build.0 = Release|Any CPU
		{856AF4D3-3337-4A15-AD66-F73543EA4B59}.Release|ARM.Deploy.0 = Release|Any CPU
		{856AF4D3-3337-4A15-AD66-F73543EA4B59}.Release|iPhone.ActiveCfg = Release|Any CPU
		{856AF4D3-3337-4A15-AD66-F73543EA4B59}.Release|iPhone.Build.0 = Release|Any CPU
		{856AF4D3-3337-4A15-AD66-F73543EA4B59}.Release|iPhone.Deploy.0 = Release|Any CPU
		{856AF4D3-3337-4A15-AD66-F73543EA4B59}.Release|iPhoneSimulator.ActiveCfg = Release|Any CPU
		{856AF4D3-3337-4A15-AD66-F73543EA4B59}.Release|iPhoneSimulator.Build.0 = Release|Any CPU
		{856AF4D3-3337-4A15-AD66-F73543EA4B59}.Release|iPhoneSimulator.Deploy.0 = Release|Any CPU
		{856AF4D3-3337-4A15-AD66-F73543EA4B59}.Release|x64.ActiveCfg = Release|Any CPU
		{856AF4D3-3337-4A15-AD66-F73543EA4B59}.Release|x64.Build.0 = Release|Any CPU
		{856AF4D3-3337-4A15-AD66-F73543EA4B59}.Release|x64.Deploy.0 = Release|Any CPU
		{856AF4D3-3337-4A15-AD66-F73543EA4B59}.Release|x86.ActiveCfg = Release|Any CPU
		{856AF4D3-3337-4A15-AD66-F73543EA4B59}.Release|x86.Build.0 = Release|Any CPU
		{856AF4D3-3337-4A15-AD66-F73543EA4B59}.Release|x86.Deploy.0 = Release|Any CPU
		{6A0EF7CA-4563-4F28-9053-F2F15FFC13B7}.Ad-Hoc|Any CPU.ActiveCfg = Ad-Hoc|iPhone
		{6A0EF7CA-4563-4F28-9053-F2F15FFC13B7}.Ad-Hoc|Any CPU.Build.0 = Ad-Hoc|iPhone
		{6A0EF7CA-4563-4F28-9053-F2F15FFC13B7}.Ad-Hoc|Any CPU.Deploy.0 = Ad-Hoc|iPhone
		{6A0EF7CA-4563-4F28-9053-F2F15FFC13B7}.Ad-Hoc|ARM.ActiveCfg = Ad-Hoc|iPhone
		{6A0EF7CA-4563-4F28-9053-F2F15FFC13B7}.Ad-Hoc|ARM.Build.0 = Ad-Hoc|iPhone
		{6A0EF7CA-4563-4F28-9053-F2F15FFC13B7}.Ad-Hoc|ARM.Deploy.0 = Ad-Hoc|iPhone
		{6A0EF7CA-4563-4F28-9053-F2F15FFC13B7}.Ad-Hoc|iPhone.ActiveCfg = Ad-Hoc|iPhone
		{6A0EF7CA-4563-4F28-9053-F2F15FFC13B7}.Ad-Hoc|iPhone.Build.0 = Ad-Hoc|iPhone
		{6A0EF7CA-4563-4F28-9053-F2F15FFC13B7}.Ad-Hoc|iPhone.Deploy.0 = Ad-Hoc|iPhone
		{6A0EF7CA-4563-4F28-9053-F2F15FFC13B7}.Ad-Hoc|iPhoneSimulator.ActiveCfg = Ad-Hoc|iPhoneSimulator
		{6A0EF7CA-4563-4F28-9053-F2F15FFC13B7}.Ad-Hoc|iPhoneSimulator.Build.0 = Ad-Hoc|iPhoneSimulator
		{6A0EF7CA-4563-4F28-9053-F2F15FFC13B7}.Ad-Hoc|iPhoneSimulator.Deploy.0 = Ad-Hoc|iPhoneSimulator
		{6A0EF7CA-4563-4F28-9053-F2F15FFC13B7}.Ad-Hoc|x64.ActiveCfg = Ad-Hoc|iPhone
		{6A0EF7CA-4563-4F28-9053-F2F15FFC13B7}.Ad-Hoc|x64.Build.0 = Ad-Hoc|iPhone
		{6A0EF7CA-4563-4F28-9053-F2F15FFC13B7}.Ad-Hoc|x64.Deploy.0 = Ad-Hoc|iPhone
		{6A0EF7CA-4563-4F28-9053-F2F15FFC13B7}.Ad-Hoc|x86.ActiveCfg = Ad-Hoc|iPhone
		{6A0EF7CA-4563-4F28-9053-F2F15FFC13B7}.Ad-Hoc|x86.Build.0 = Ad-Hoc|iPhone
		{6A0EF7CA-4563-4F28-9053-F2F15FFC13B7}.Ad-Hoc|x86.Deploy.0 = Ad-Hoc|iPhone
		{6A0EF7CA-4563-4F28-9053-F2F15FFC13B7}.AppStore|Any CPU.ActiveCfg = AppStore|iPhone
		{6A0EF7CA-4563-4F28-9053-F2F15FFC13B7}.AppStore|Any CPU.Build.0 = AppStore|iPhone
		{6A0EF7CA-4563-4F28-9053-F2F15FFC13B7}.AppStore|Any CPU.Deploy.0 = AppStore|iPhone
		{6A0EF7CA-4563-4F28-9053-F2F15FFC13B7}.AppStore|ARM.ActiveCfg = AppStore|iPhone
		{6A0EF7CA-4563-4F28-9053-F2F15FFC13B7}.AppStore|ARM.Build.0 = AppStore|iPhone
		{6A0EF7CA-4563-4F28-9053-F2F15FFC13B7}.AppStore|ARM.Deploy.0 = AppStore|iPhone
		{6A0EF7CA-4563-4F28-9053-F2F15FFC13B7}.AppStore|iPhone.ActiveCfg = AppStore|iPhone
		{6A0EF7CA-4563-4F28-9053-F2F15FFC13B7}.AppStore|iPhone.Build.0 = AppStore|iPhone
		{6A0EF7CA-4563-4F28-9053-F2F15FFC13B7}.AppStore|iPhone.Deploy.0 = AppStore|iPhone
		{6A0EF7CA-4563-4F28-9053-F2F15FFC13B7}.AppStore|iPhoneSimulator.ActiveCfg = AppStore|iPhoneSimulator
		{6A0EF7CA-4563-4F28-9053-F2F15FFC13B7}.AppStore|iPhoneSimulator.Build.0 = AppStore|iPhoneSimulator
		{6A0EF7CA-4563-4F28-9053-F2F15FFC13B7}.AppStore|iPhoneSimulator.Deploy.0 = AppStore|iPhoneSimulator
		{6A0EF7CA-4563-4F28-9053-F2F15FFC13B7}.AppStore|x64.ActiveCfg = AppStore|iPhone
		{6A0EF7CA-4563-4F28-9053-F2F15FFC13B7}.AppStore|x64.Build.0 = AppStore|iPhone
		{6A0EF7CA-4563-4F28-9053-F2F15FFC13B7}.AppStore|x64.Deploy.0 = AppStore|iPhone
		{6A0EF7CA-4563-4F28-9053-F2F15FFC13B7}.AppStore|x86.ActiveCfg = AppStore|iPhone
		{6A0EF7CA-4563-4F28-9053-F2F15FFC13B7}.AppStore|x86.Build.0 = AppStore|iPhone
		{6A0EF7CA-4563-4F28-9053-F2F15FFC13B7}.AppStore|x86.Deploy.0 = AppStore|iPhone
		{6A0EF7CA-4563-4F28-9053-F2F15FFC13B7}.Debug|Any CPU.ActiveCfg = Debug|iPhoneSimulator
		{6A0EF7CA-4563-4F28-9053-F2F15FFC13B7}.Debug|Any CPU.Build.0 = Debug|iPhoneSimulator
		{6A0EF7CA-4563-4F28-9053-F2F15FFC13B7}.Debug|Any CPU.Deploy.0 = Debug|iPhoneSimulator
		{6A0EF7CA-4563-4F28-9053-F2F15FFC13B7}.Debug|ARM.ActiveCfg = Debug|iPhone
		{6A0EF7CA-4563-4F28-9053-F2F15FFC13B7}.Debug|ARM.Build.0 = Debug|iPhone
		{6A0EF7CA-4563-4F28-9053-F2F15FFC13B7}.Debug|ARM.Deploy.0 = Debug|iPhone
		{6A0EF7CA-4563-4F28-9053-F2F15FFC13B7}.Debug|iPhone.ActiveCfg = Debug|iPhone
		{6A0EF7CA-4563-4F28-9053-F2F15FFC13B7}.Debug|iPhone.Build.0 = Debug|iPhone
		{6A0EF7CA-4563-4F28-9053-F2F15FFC13B7}.Debug|iPhone.Deploy.0 = Debug|iPhone
		{6A0EF7CA-4563-4F28-9053-F2F15FFC13B7}.Debug|iPhoneSimulator.ActiveCfg = Debug|iPhoneSimulator
		{6A0EF7CA-4563-4F28-9053-F2F15FFC13B7}.Debug|iPhoneSimulator.Build.0 = Debug|iPhoneSimulator
		{6A0EF7CA-4563-4F28-9053-F2F15FFC13B7}.Debug|iPhoneSimulator.Deploy.0 = Debug|iPhoneSimulator
		{6A0EF7CA-4563-4F28-9053-F2F15FFC13B7}.Debug|x64.ActiveCfg = Debug|iPhone
		{6A0EF7CA-4563-4F28-9053-F2F15FFC13B7}.Debug|x64.Build.0 = Debug|iPhone
		{6A0EF7CA-4563-4F28-9053-F2F15FFC13B7}.Debug|x64.Deploy.0 = Debug|iPhone
		{6A0EF7CA-4563-4F28-9053-F2F15FFC13B7}.Debug|x86.ActiveCfg = Debug|iPhone
		{6A0EF7CA-4563-4F28-9053-F2F15FFC13B7}.Debug|x86.Build.0 = Debug|iPhone
		{6A0EF7CA-4563-4F28-9053-F2F15FFC13B7}.Debug|x86.Deploy.0 = Debug|iPhone
		{6A0EF7CA-4563-4F28-9053-F2F15FFC13B7}.Release|Any CPU.ActiveCfg = Release|iPhone
		{6A0EF7CA-4563-4F28-9053-F2F15FFC13B7}.Release|Any CPU.Build.0 = Release|iPhone
		{6A0EF7CA-4563-4F28-9053-F2F15FFC13B7}.Release|Any CPU.Deploy.0 = Release|iPhone
		{6A0EF7CA-4563-4F28-9053-F2F15FFC13B7}.Release|ARM.ActiveCfg = Release|iPhone
		{6A0EF7CA-4563-4F28-9053-F2F15FFC13B7}.Release|ARM.Build.0 = Release|iPhone
		{6A0EF7CA-4563-4F28-9053-F2F15FFC13B7}.Release|ARM.Deploy.0 = Release|iPhone
		{6A0EF7CA-4563-4F28-9053-F2F15FFC13B7}.Release|iPhone.ActiveCfg = Release|iPhone
		{6A0EF7CA-4563-4F28-9053-F2F15FFC13B7}.Release|iPhone.Build.0 = Release|iPhone
		{6A0EF7CA-4563-4F28-9053-F2F15FFC13B7}.Release|iPhone.Deploy.0 = Release|iPhone
		{6A0EF7CA-4563-4F28-9053-F2F15FFC13B7}.Release|iPhoneSimulator.ActiveCfg = Release|iPhoneSimulator
		{6A0EF7CA-4563-4F28-9053-F2F15FFC13B7}.Release|iPhoneSimulator.Build.0 = Release|iPhoneSimulator
		{6A0EF7CA-4563-4F28-9053-F2F15FFC13B7}.Release|iPhoneSimulator.Deploy.0 = Release|iPhoneSimulator
		{6A0EF7CA-4563-4F28-9053-F2F15FFC13B7}.Release|x64.ActiveCfg = Release|iPhone
		{6A0EF7CA-4563-4F28-9053-F2F15FFC13B7}.Release|x64.Build.0 = Release|iPhone
		{6A0EF7CA-4563-4F28-9053-F2F15FFC13B7}.Release|x64.Deploy.0 = Release|iPhone
		{6A0EF7CA-4563-4F28-9053-F2F15FFC13B7}.Release|x86.ActiveCfg = Release|iPhone
		{6A0EF7CA-4563-4F28-9053-F2F15FFC13B7}.Release|x86.Build.0 = Release|iPhone
		{6A0EF7CA-4563-4F28-9053-F2F15FFC13B7}.Release|x86.Deploy.0 = Release|iPhone
		{5F311F0A-8C15-488C-9E2F-C156626EB796}.Ad-Hoc|Any CPU.ActiveCfg = Release|x86
		{5F311F0A-8C15-488C-9E2F-C156626EB796}.Ad-Hoc|Any CPU.Build.0 = Release|x86
		{5F311F0A-8C15-488C-9E2F-C156626EB796}.Ad-Hoc|Any CPU.Deploy.0 = Release|x86
		{5F311F0A-8C15-488C-9E2F-C156626EB796}.Ad-Hoc|ARM.ActiveCfg = Release|ARM
		{5F311F0A-8C15-488C-9E2F-C156626EB796}.Ad-Hoc|ARM.Build.0 = Release|ARM
		{5F311F0A-8C15-488C-9E2F-C156626EB796}.Ad-Hoc|ARM.Deploy.0 = Release|ARM
		{5F311F0A-8C15-488C-9E2F-C156626EB796}.Ad-Hoc|iPhone.ActiveCfg = Release|x86
		{5F311F0A-8C15-488C-9E2F-C156626EB796}.Ad-Hoc|iPhone.Build.0 = Release|x86
		{5F311F0A-8C15-488C-9E2F-C156626EB796}.Ad-Hoc|iPhone.Deploy.0 = Release|x86
		{5F311F0A-8C15-488C-9E2F-C156626EB796}.Ad-Hoc|iPhoneSimulator.ActiveCfg = Release|x86
		{5F311F0A-8C15-488C-9E2F-C156626EB796}.Ad-Hoc|iPhoneSimulator.Build.0 = Release|x86
		{5F311F0A-8C15-488C-9E2F-C156626EB796}.Ad-Hoc|iPhoneSimulator.Deploy.0 = Release|x86
		{5F311F0A-8C15-488C-9E2F-C156626EB796}.Ad-Hoc|x64.ActiveCfg = Release|x64
		{5F311F0A-8C15-488C-9E2F-C156626EB796}.Ad-Hoc|x64.Build.0 = Release|x64
		{5F311F0A-8C15-488C-9E2F-C156626EB796}.Ad-Hoc|x64.Deploy.0 = Release|x64
		{5F311F0A-8C15-488C-9E2F-C156626EB796}.Ad-Hoc|x86.ActiveCfg = Release|x86
		{5F311F0A-8C15-488C-9E2F-C156626EB796}.Ad-Hoc|x86.Build.0 = Release|x86
		{5F311F0A-8C15-488C-9E2F-C156626EB796}.Ad-Hoc|x86.Deploy.0 = Release|x86
		{5F311F0A-8C15-488C-9E2F-C156626EB796}.AppStore|Any CPU.ActiveCfg = Release|x86
		{5F311F0A-8C15-488C-9E2F-C156626EB796}.AppStore|Any CPU.Build.0 = Release|x86
		{5F311F0A-8C15-488C-9E2F-C156626EB796}.AppStore|Any CPU.Deploy.0 = Release|x86
		{5F311F0A-8C15-488C-9E2F-C156626EB796}.AppStore|ARM.ActiveCfg = Release|ARM
		{5F311F0A-8C15-488C-9E2F-C156626EB796}.AppStore|ARM.Build.0 = Release|ARM
		{5F311F0A-8C15-488C-9E2F-C156626EB796}.AppStore|ARM.Deploy.0 = Release|ARM
		{5F311F0A-8C15-488C-9E2F-C156626EB796}.AppStore|iPhone.ActiveCfg = Release|x86
		{5F311F0A-8C15-488C-9E2F-C156626EB796}.AppStore|iPhone.Build.0 = Release|x86
		{5F311F0A-8C15-488C-9E2F-C156626EB796}.AppStore|iPhone.Deploy.0 = Release|x86
		{5F311F0A-8C15-488C-9E2F-C156626EB796}.AppStore|iPhoneSimulator.ActiveCfg = Release|x86
		{5F311F0A-8C15-488C-9E2F-C156626EB796}.AppStore|iPhoneSimulator.Build.0 = Release|x86
		{5F311F0A-8C15-488C-9E2F-C156626EB796}.AppStore|iPhoneSimulator.Deploy.0 = Release|x86
		{5F311F0A-8C15-488C-9E2F-C156626EB796}.AppStore|x64.ActiveCfg = Release|x64
		{5F311F0A-8C15-488C-9E2F-C156626EB796}.AppStore|x64.Build.0 = Release|x64
		{5F311F0A-8C15-488C-9E2F-C156626EB796}.AppStore|x64.Deploy.0 = Release|x64
		{5F311F0A-8C15-488C-9E2F-C156626EB796}.AppStore|x86.ActiveCfg = Release|x86
		{5F311F0A-8C15-488C-9E2F-C156626EB796}.AppStore|x86.Build.0 = Release|x86
		{5F311F0A-8C15-488C-9E2F-C156626EB796}.AppStore|x86.Deploy.0 = Release|x86
		{5F311F0A-8C15-488C-9E2F-C156626EB796}.Debug|Any CPU.ActiveCfg = Debug|x86
		{5F311F0A-8C15-488C-9E2F-C156626EB796}.Debug|Any CPU.Build.0 = Debug|x86
		{5F311F0A-8C15-488C-9E2F-C156626EB796}.Debug|Any CPU.Deploy.0 = Debug|x86
		{5F311F0A-8C15-488C-9E2F-C156626EB796}.Debug|ARM.ActiveCfg = Debug|ARM
		{5F311F0A-8C15-488C-9E2F-C156626EB796}.Debug|ARM.Build.0 = Debug|ARM
		{5F311F0A-8C15-488C-9E2F-C156626EB796}.Debug|ARM.Deploy.0 = Debug|ARM
		{5F311F0A-8C15-488C-9E2F-C156626EB796}.Debug|iPhone.ActiveCfg = Debug|x86
		{5F311F0A-8C15-488C-9E2F-C156626EB796}.Debug|iPhone.Build.0 = Debug|x86
		{5F311F0A-8C15-488C-9E2F-C156626EB796}.Debug|iPhone.Deploy.0 = Debug|x86
		{5F311F0A-8C15-488C-9E2F-C156626EB796}.Debug|iPhoneSimulator.ActiveCfg = Debug|x86
		{5F311F0A-8C15-488C-9E2F-C156626EB796}.Debug|iPhoneSimulator.Build.0 = Debug|x86
		{5F311F0A-8C15-488C-9E2F-C156626EB796}.Debug|iPhoneSimulator.Deploy.0 = Debug|x86
		{5F311F0A-8C15-488C-9E2F-C156626EB796}.Debug|x64.ActiveCfg = Debug|x64
		{5F311F0A-8C15-488C-9E2F-C156626EB796}.Debug|x64.Build.0 = Debug|x64
		{5F311F0A-8C15-488C-9E2F-C156626EB796}.Debug|x64.Deploy.0 = Debug|x64
		{5F311F0A-8C15-488C-9E2F-C156626EB796}.Debug|x86.ActiveCfg = Debug|x86
		{5F311F0A-8C15-488C-9E2F-C156626EB796}.Debug|x86.Build.0 = Debug|x86
		{5F311F0A-8C15-488C-9E2F-C156626EB796}.Debug|x86.Deploy.0 = Debug|x86
		{5F311F0A-8C15-488C-9E2F-C156626EB796}.Release|Any CPU.ActiveCfg = Release|x86
		{5F311F0A-8C15-488C-9E2F-C156626EB796}.Release|Any CPU.Build.0 = Release|x86
		{5F311F0A-8C15-488C-9E2F-C156626EB796}.Release|Any CPU.Deploy.0 = Release|x86
		{5F311F0A-8C15-488C-9E2F-C156626EB796}.Release|ARM.ActiveCfg = Release|ARM
		{5F311F0A-8C15-488C-9E2F-C156626EB796}.Release|ARM.Build.0 = Release|ARM
		{5F311F0A-8C15-488C-9E2F-C156626EB796}.Release|ARM.Deploy.0 = Release|ARM
		{5F311F0A-8C15-488C-9E2F-C156626EB796}.Release|iPhone.ActiveCfg = Release|x86
		{5F311F0A-8C15-488C-9E2F-C156626EB796}.Release|iPhone.Build.0 = Release|x86
		{5F311F0A-8C15-488C-9E2F-C156626EB796}.Release|iPhone.Deploy.0 = Release|x86
		{5F311F0A-8C15-488C-9E2F-C156626EB796}.Release|iPhoneSimulator.ActiveCfg = Release|x86
		{5F311F0A-8C15-488C-9E2F-C156626EB796}.Release|iPhoneSimulator.Build.0 = Release|x86
		{5F311F0A-8C15-488C-9E2F-C156626EB796}.Release|iPhoneSimulator.Deploy.0 = Release|x86
		{5F311F0A-8C15-488C-9E2F-C156626EB796}.Release|x64.ActiveCfg = Release|x64
		{5F311F0A-8C15-488C-9E2F-C156626EB796}.Release|x64.Build.0 = Release|x64
		{5F311F0A-8C15-488C-9E2F-C156626EB796}.Release|x64.Deploy.0 = Release|x64
		{5F311F0A-8C15-488C-9E2F-C156626EB796}.Release|x86.ActiveCfg = Release|x86
		{5F311F0A-8C15-488C-9E2F-C156626EB796}.Release|x86.Build.0 = Release|x86
		{5F311F0A-8C15-488C-9E2F-C156626EB796}.Release|x86.Deploy.0 = Release|x86
		{0C679408-99FF-4827-8EE2-B24AB299236F}.Ad-Hoc|Any CPU.ActiveCfg = Debug|Any CPU
		{0C679408-99FF-4827-8EE2-B24AB299236F}.Ad-Hoc|Any CPU.Build.0 = Debug|Any CPU
		{0C679408-99FF-4827-8EE2-B24AB299236F}.Ad-Hoc|Any CPU.Deploy.0 = Debug|Any CPU
		{0C679408-99FF-4827-8EE2-B24AB299236F}.Ad-Hoc|ARM.ActiveCfg = Debug|Any CPU
		{0C679408-99FF-4827-8EE2-B24AB299236F}.Ad-Hoc|ARM.Build.0 = Debug|Any CPU
		{0C679408-99FF-4827-8EE2-B24AB299236F}.Ad-Hoc|ARM.Deploy.0 = Debug|Any CPU
		{0C679408-99FF-4827-8EE2-B24AB299236F}.Ad-Hoc|iPhone.ActiveCfg = Debug|Any CPU
		{0C679408-99FF-4827-8EE2-B24AB299236F}.Ad-Hoc|iPhone.Build.0 = Debug|Any CPU
		{0C679408-99FF-4827-8EE2-B24AB299236F}.Ad-Hoc|iPhone.Deploy.0 = Debug|Any CPU
		{0C679408-99FF-4827-8EE2-B24AB299236F}.Ad-Hoc|iPhoneSimulator.ActiveCfg = Debug|Any CPU
		{0C679408-99FF-4827-8EE2-B24AB299236F}.Ad-Hoc|iPhoneSimulator.Build.0 = Debug|Any CPU
		{0C679408-99FF-4827-8EE2-B24AB299236F}.Ad-Hoc|iPhoneSimulator.Deploy.0 = Debug|Any CPU
		{0C679408-99FF-4827-8EE2-B24AB299236F}.Ad-Hoc|x64.ActiveCfg = Debug|Any CPU
		{0C679408-99FF-4827-8EE2-B24AB299236F}.Ad-Hoc|x64.Build.0 = Debug|Any CPU
		{0C679408-99FF-4827-8EE2-B24AB299236F}.Ad-Hoc|x64.Deploy.0 = Debug|Any CPU
		{0C679408-99FF-4827-8EE2-B24AB299236F}.Ad-Hoc|x86.ActiveCfg = Debug|Any CPU
		{0C679408-99FF-4827-8EE2-B24AB299236F}.Ad-Hoc|x86.Build.0 = Debug|Any CPU
		{0C679408-99FF-4827-8EE2-B24AB299236F}.Ad-Hoc|x86.Deploy.0 = Debug|Any CPU
		{0C679408-99FF-4827-8EE2-B24AB299236F}.AppStore|Any CPU.ActiveCfg = Debug|Any CPU
		{0C679408-99FF-4827-8EE2-B24AB299236F}.AppStore|Any CPU.Build.0 = Debug|Any CPU
		{0C679408-99FF-4827-8EE2-B24AB299236F}.AppStore|Any CPU.Deploy.0 = Debug|Any CPU
		{0C679408-99FF-4827-8EE2-B24AB299236F}.AppStore|ARM.ActiveCfg = Debug|Any CPU
		{0C679408-99FF-4827-8EE2-B24AB299236F}.AppStore|ARM.Build.0 = Debug|Any CPU
		{0C679408-99FF-4827-8EE2-B24AB299236F}.AppStore|ARM.Deploy.0 = Debug|Any CPU
		{0C679408-99FF-4827-8EE2-B24AB299236F}.AppStore|iPhone.ActiveCfg = Debug|Any CPU
		{0C679408-99FF-4827-8EE2-B24AB299236F}.AppStore|iPhone.Build.0 = Debug|Any CPU
		{0C679408-99FF-4827-8EE2-B24AB299236F}.AppStore|iPhone.Deploy.0 = Debug|Any CPU
		{0C679408-99FF-4827-8EE2-B24AB299236F}.AppStore|iPhoneSimulator.ActiveCfg = Debug|Any CPU
		{0C679408-99FF-4827-8EE2-B24AB299236F}.AppStore|iPhoneSimulator.Build.0 = Debug|Any CPU
		{0C679408-99FF-4827-8EE2-B24AB299236F}.AppStore|iPhoneSimulator.Deploy.0 = Debug|Any CPU
		{0C679408-99FF-4827-8EE2-B24AB299236F}.AppStore|x64.ActiveCfg = Debug|Any CPU
		{0C679408-99FF-4827-8EE2-B24AB299236F}.AppStore|x64.Build.0 = Debug|Any CPU
		{0C679408-99FF-4827-8EE2-B24AB299236F}.AppStore|x64.Deploy.0 = Debug|Any CPU
		{0C679408-99FF-4827-8EE2-B24AB299236F}.AppStore|x86.ActiveCfg = Debug|Any CPU
		{0C679408-99FF-4827-8EE2-B24AB299236F}.AppStore|x86.Build.0 = Debug|Any CPU
		{0C679408-99FF-4827-8EE2-B24AB299236F}.AppStore|x86.Deploy.0 = Debug|Any CPU
		{0C679408-99FF-4827-8EE2-B24AB299236F}.Debug|Any CPU.ActiveCfg = Debug|Any CPU
		{0C679408-99FF-4827-8EE2-B24AB299236F}.Debug|Any CPU.Build.0 = Debug|Any CPU
		{0C679408-99FF-4827-8EE2-B24AB299236F}.Debug|Any CPU.Deploy.0 = Debug|Any CPU
		{0C679408-99FF-4827-8EE2-B24AB299236F}.Debug|ARM.ActiveCfg = Debug|Any CPU
		{0C679408-99FF-4827-8EE2-B24AB299236F}.Debug|ARM.Build.0 = Debug|Any CPU
		{0C679408-99FF-4827-8EE2-B24AB299236F}.Debug|ARM.Deploy.0 = Debug|Any CPU
		{0C679408-99FF-4827-8EE2-B24AB299236F}.Debug|iPhone.ActiveCfg = Debug|Any CPU
		{0C679408-99FF-4827-8EE2-B24AB299236F}.Debug|iPhone.Build.0 = Debug|Any CPU
		{0C679408-99FF-4827-8EE2-B24AB299236F}.Debug|iPhone.Deploy.0 = Debug|Any CPU
		{0C679408-99FF-4827-8EE2-B24AB299236F}.Debug|iPhoneSimulator.ActiveCfg = Debug|Any CPU
		{0C679408-99FF-4827-8EE2-B24AB299236F}.Debug|iPhoneSimulator.Build.0 = Debug|Any CPU
		{0C679408-99FF-4827-8EE2-B24AB299236F}.Debug|iPhoneSimulator.Deploy.0 = Debug|Any CPU
		{0C679408-99FF-4827-8EE2-B24AB299236F}.Debug|x64.ActiveCfg = Debug|Any CPU
		{0C679408-99FF-4827-8EE2-B24AB299236F}.Debug|x64.Build.0 = Debug|Any CPU
		{0C679408-99FF-4827-8EE2-B24AB299236F}.Debug|x64.Deploy.0 = Debug|Any CPU
		{0C679408-99FF-4827-8EE2-B24AB299236F}.Debug|x86.ActiveCfg = Debug|Any CPU
		{0C679408-99FF-4827-8EE2-B24AB299236F}.Debug|x86.Build.0 = Debug|Any CPU
		{0C679408-99FF-4827-8EE2-B24AB299236F}.Debug|x86.Deploy.0 = Debug|Any CPU
		{0C679408-99FF-4827-8EE2-B24AB299236F}.Release|Any CPU.ActiveCfg = Release|Any CPU
		{0C679408-99FF-4827-8EE2-B24AB299236F}.Release|Any CPU.Build.0 = Release|Any CPU
		{0C679408-99FF-4827-8EE2-B24AB299236F}.Release|Any CPU.Deploy.0 = Release|Any CPU
		{0C679408-99FF-4827-8EE2-B24AB299236F}.Release|ARM.ActiveCfg = Release|Any CPU
		{0C679408-99FF-4827-8EE2-B24AB299236F}.Release|ARM.Build.0 = Release|Any CPU
		{0C679408-99FF-4827-8EE2-B24AB299236F}.Release|ARM.Deploy.0 = Release|Any CPU
		{0C679408-99FF-4827-8EE2-B24AB299236F}.Release|iPhone.ActiveCfg = Release|Any CPU
		{0C679408-99FF-4827-8EE2-B24AB299236F}.Release|iPhone.Build.0 = Release|Any CPU
		{0C679408-99FF-4827-8EE2-B24AB299236F}.Release|iPhone.Deploy.0 = Release|Any CPU
		{0C679408-99FF-4827-8EE2-B24AB299236F}.Release|iPhoneSimulator.ActiveCfg = Release|Any CPU
		{0C679408-99FF-4827-8EE2-B24AB299236F}.Release|iPhoneSimulator.Build.0 = Release|Any CPU
		{0C679408-99FF-4827-8EE2-B24AB299236F}.Release|iPhoneSimulator.Deploy.0 = Release|Any CPU
		{0C679408-99FF-4827-8EE2-B24AB299236F}.Release|x64.ActiveCfg = Release|Any CPU
		{0C679408-99FF-4827-8EE2-B24AB299236F}.Release|x64.Build.0 = Release|Any CPU
		{0C679408-99FF-4827-8EE2-B24AB299236F}.Release|x64.Deploy.0 = Release|Any CPU
		{0C679408-99FF-4827-8EE2-B24AB299236F}.Release|x86.ActiveCfg = Release|Any CPU
		{0C679408-99FF-4827-8EE2-B24AB299236F}.Release|x86.Build.0 = Release|Any CPU
		{0C679408-99FF-4827-8EE2-B24AB299236F}.Release|x86.Deploy.0 = Release|Any CPU
	EndGlobalSection
	GlobalSection(SolutionProperties) = preSolution
		HideSolutionNode = FALSE
	EndGlobalSection
	GlobalSection(ExtensibilityGlobals) = postSolution
		SolutionGuid = {E33CC99C-C85F-4F58-916F-268D3F116574}
	EndGlobalSection
EndGlobal
