
Microsoft Visual Studio Solution File, Format Version 12.00
# Visual Studio 15
VisualStudioVersion = 15.0.27703.2018
MinimumVisualStudioVersion = 10.0.40219.1
Project("{FAE04EC0-301F-11D3-BF4B-00C04F79EFBC}") = "benchmark_json_xamarin.forms.Android", "benchmark_json_xamarin.forms\benchmark_json_xamarin.forms.Android\benchmark_json_xamarin.forms.Android.csproj", "{F70A40A8-647E-4C61-9F78-21123E43D650}"
EndProject
Project("{FAE04EC0-301F-11D3-BF4B-00C04F79EFBC}") = "benchmark_json_xamarin.forms.iOS", "benchmark_json_xamarin.forms\benchmark_json_xamarin.forms.iOS\benchmark_json_xamarin.forms.iOS.csproj", "{62823DD5-3C80-4005-8C94-A5560773DA7B}"
EndProject
Project("{FAE04EC0-301F-11D3-BF4B-00C04F79EFBC}") = "benchmark_json_xamarin.forms.UWP", "benchmark_json_xamarin.forms\benchmark_json_xamarin.forms.UWP\benchmark_json_xamarin.forms.UWP.csproj", "{E603256B-BD9A-4771-8CB0-1180FDFAA881}"
EndProject
Project("{FAE04EC0-301F-11D3-BF4B-00C04F79EFBC}") = "benchmark_json_xamarin.forms", "benchmark_json_xamarin.forms\benchmark_json_xamarin.forms\benchmark_json_xamarin.forms.csproj", "{00DF39F4-D873-4901-AE66-4C67BFF6775A}"
EndProject
Global
	GlobalSection(SolutionConfigurationPlatforms) = preSolution
		Ad-Hoc|Any CPU = Ad-Hoc|Any CPU
		Ad-Hoc|ARM = Ad-Hoc|ARM
		Ad-Hoc|iPhone = Ad-Hoc|iPhone
		Ad-Hoc|iPhoneSimulator = Ad-Hoc|iPhoneSimulator
		Ad-Hoc|x64 = Ad-Hoc|x64
		Ad-Hoc|x86 = Ad-Hoc|x86
		AppStore|Any CPU = AppStore|Any CPU
		AppStore|ARM = AppStore|ARM
		AppStore|iPhone = AppStore|iPhone
		AppStore|iPhoneSimulator = AppStore|iPhoneSimulator
		AppStore|x64 = AppStore|x64
		AppStore|x86 = AppStore|x86
		Debug|Any CPU = Debug|Any CPU
		Debug|ARM = Debug|ARM
		Debug|iPhone = Debug|iPhone
		Debug|iPhoneSimulator = Debug|iPhoneSimulator
		Debug|x64 = Debug|x64
		Debug|x86 = Debug|x86
		Release|Any CPU = Release|Any CPU
		Release|ARM = Release|ARM
		Release|iPhone = Release|iPhone
		Release|iPhoneSimulator = Release|iPhoneSimulator
		Release|x64 = Release|x64
		Release|x86 = Release|x86
	EndGlobalSection
	GlobalSection(ProjectConfigurationPlatforms) = postSolution
		{F70A40A8-647E-4C61-9F78-21123E43D650}.Ad-Hoc|Any CPU.ActiveCfg = Release|Any CPU
		{F70A40A8-647E-4C61-9F78-21123E43D650}.Ad-Hoc|Any CPU.Build.0 = Release|Any CPU
		{F70A40A8-647E-4C61-9F78-21123E43D650}.Ad-Hoc|Any CPU.Deploy.0 = Release|Any CPU
		{F70A40A8-647E-4C61-9F78-21123E43D650}.Ad-Hoc|ARM.ActiveCfg = Release|Any CPU
		{F70A40A8-647E-4C61-9F78-21123E43D650}.Ad-Hoc|ARM.Build.0 = Release|Any CPU
		{F70A40A8-647E-4C61-9F78-21123E43D650}.Ad-Hoc|ARM.Deploy.0 = Release|Any CPU
		{F70A40A8-647E-4C61-9F78-21123E43D650}.Ad-Hoc|iPhone.ActiveCfg = Release|Any CPU
		{F70A40A8-647E-4C61-9F78-21123E43D650}.Ad-Hoc|iPhone.Build.0 = Release|Any CPU
		{F70A40A8-647E-4C61-9F78-21123E43D650}.Ad-Hoc|iPhone.Deploy.0 = Release|Any CPU
		{F70A40A8-647E-4C61-9F78-21123E43D650}.Ad-Hoc|iPhoneSimulator.ActiveCfg = Release|Any CPU
		{F70A40A8-647E-4C61-9F78-21123E43D650}.Ad-Hoc|iPhoneSimulator.Build.0 = Release|Any CPU
		{F70A40A8-647E-4C61-9F78-21123E43D650}.Ad-Hoc|iPhoneSimulator.Deploy.0 = Release|Any CPU
		{F70A40A8-647E-4C61-9F78-21123E43D650}.Ad-Hoc|x64.ActiveCfg = Release|Any CPU
		{F70A40A8-647E-4C61-9F78-21123E43D650}.Ad-Hoc|x64.Build.0 = Release|Any CPU
		{F70A40A8-647E-4C61-9F78-21123E43D650}.Ad-Hoc|x64.Deploy.0 = Release|Any CPU
		{F70A40A8-647E-4C61-9F78-21123E43D650}.Ad-Hoc|x86.ActiveCfg = Release|Any CPU
		{F70A40A8-647E-4C61-9F78-21123E43D650}.Ad-Hoc|x86.Build.0 = Release|Any CPU
		{F70A40A8-647E-4C61-9F78-21123E43D650}.Ad-Hoc|x86.Deploy.0 = Release|Any CPU
		{F70A40A8-647E-4C61-9F78-21123E43D650}.AppStore|Any CPU.ActiveCfg = Release|Any CPU
		{F70A40A8-647E-4C61-9F78-21123E43D650}.AppStore|Any CPU.Build.0 = Release|Any CPU
		{F70A40A8-647E-4C61-9F78-21123E43D650}.AppStore|Any CPU.Deploy.0 = Release|Any CPU
		{F70A40A8-647E-4C61-9F78-21123E43D650}.AppStore|ARM.ActiveCfg = Release|Any CPU
		{F70A40A8-647E-4C61-9F78-21123E43D650}.AppStore|ARM.Build.0 = Release|Any CPU
		{F70A40A8-647E-4C61-9F78-21123E43D650}.AppStore|ARM.Deploy.0 = Release|Any CPU
		{F70A40A8-647E-4C61-9F78-21123E43D650}.AppStore|iPhone.ActiveCfg = Release|Any CPU
		{F70A40A8-647E-4C61-9F78-21123E43D650}.AppStore|iPhone.Build.0 = Release|Any CPU
		{F70A40A8-647E-4C61-9F78-21123E43D650}.AppStore|iPhone.Deploy.0 = Release|Any CPU
		{F70A40A8-647E-4C61-9F78-21123E43D650}.AppStore|iPhoneSimulator.ActiveCfg = Release|Any CPU
		{F70A40A8-647E-4C61-9F78-21123E43D650}.AppStore|iPhoneSimulator.Build.0 = Release|Any CPU
		{F70A40A8-647E-4C61-9F78-21123E43D650}.AppStore|iPhoneSimulator.Deploy.0 = Release|Any CPU
		{F70A40A8-647E-4C61-9F78-21123E43D650}.AppStore|x64.ActiveCfg = Release|Any CPU
		{F70A40A8-647E-4C61-9F78-21123E43D650}.AppStore|x64.Build.0 = Release|Any CPU
		{F70A40A8-647E-4C61-9F78-21123E43D650}.AppStore|x64.Deploy.0 = Release|Any CPU
		{F70A40A8-647E-4C61-9F78-21123E43D650}.AppStore|x86.ActiveCfg = Release|Any CPU
		{F70A40A8-647E-4C61-9F78-21123E43D650}.AppStore|x86.Build.0 = Release|Any CPU
		{F70A40A8-647E-4C61-9F78-21123E43D650}.AppStore|x86.Deploy.0 = Release|Any CPU
		{F70A40A8-647E-4C61-9F78-21123E43D650}.Debug|Any CPU.ActiveCfg = Debug|Any CPU
		{F70A40A8-647E-4C61-9F78-21123E43D650}.Debug|Any CPU.Build.0 = Debug|Any CPU
		{F70A40A8-647E-4C61-9F78-21123E43D650}.Debug|Any CPU.Deploy.0 = Debug|Any CPU
		{F70A40A8-647E-4C61-9F78-21123E43D650}.Debug|ARM.ActiveCfg = Debug|Any CPU
		{F70A40A8-647E-4C61-9F78-21123E43D650}.Debug|ARM.Build.0 = Debug|Any CPU
		{F70A40A8-647E-4C61-9F78-21123E43D650}.Debug|ARM.Deploy.0 = Debug|Any CPU
		{F70A40A8-647E-4C61-9F78-21123E43D650}.Debug|iPhone.ActiveCfg = Debug|Any CPU
		{F70A40A8-647E-4C61-9F78-21123E43D650}.Debug|iPhone.Build.0 = Debug|Any CPU
		{F70A40A8-647E-4C61-9F78-21123E43D650}.Debug|iPhone.Deploy.0 = Debug|Any CPU
		{F70A40A8-647E-4C61-9F78-21123E43D650}.Debug|iPhoneSimulator.ActiveCfg = Debug|Any CPU
		{F70A40A8-647E-4C61-9F78-21123E43D650}.Debug|iPhoneSimulator.Build.0 = Debug|Any CPU
		{F70A40A8-647E-4C61-9F78-21123E43D650}.Debug|iPhoneSimulator.Deploy.0 = Debug|Any CPU
		{F70A40A8-647E-4C61-9F78-21123E43D650}.Debug|x64.ActiveCfg = Debug|Any CPU
		{F70A40A8-647E-4C61-9F78-21123E43D650}.Debug|x64.Build.0 = Debug|Any CPU
		{F70A40A8-647E-4C61-9F78-21123E43D650}.Debug|x64.Deploy.0 = Debug|Any CPU
		{F70A40A8-647E-4C61-9F78-21123E43D650}.Debug|x86.ActiveCfg = Debug|Any CPU
		{F70A40A8-647E-4C61-9F78-21123E43D650}.Debug|x86.Build.0 = Debug|Any CPU
		{F70A40A8-647E-4C61-9F78-21123E43D650}.Debug|x86.Deploy.0 = Debug|Any CPU
		{F70A40A8-647E-4C61-9F78-21123E43D650}.Release|Any CPU.ActiveCfg = Release|Any CPU
		{F70A40A8-647E-4C61-9F78-21123E43D650}.Release|Any CPU.Build.0 = Release|Any CPU
		{F70A40A8-647E-4C61-9F78-21123E43D650}.Release|Any CPU.Deploy.0 = Release|Any CPU
		{F70A40A8-647E-4C61-9F78-21123E43D650}.Release|ARM.ActiveCfg = Release|Any CPU
		{F70A40A8-647E-4C61-9F78-21123E43D650}.Release|ARM.Build.0 = Release|Any CPU
		{F70A40A8-647E-4C61-9F78-21123E43D650}.Release|ARM.Deploy.0 = Release|Any CPU
		{F70A40A8-647E-4C61-9F78-21123E43D650}.Release|iPhone.ActiveCfg = Release|Any CPU
		{F70A40A8-647E-4C61-9F78-21123E43D650}.Release|iPhone.Build.0 = Release|Any CPU
		{F70A40A8-647E-4C61-9F78-21123E43D650}.Release|iPhone.Deploy.0 = Release|Any CPU
		{F70A40A8-647E-4C61-9F78-21123E43D650}.Release|iPhoneSimulator.ActiveCfg = Release|Any CPU
		{F70A40A8-647E-4C61-9F78-21123E43D650}.Release|iPhoneSimulator.Build.0 = Release|Any CPU
		{F70A40A8-647E-4C61-9F78-21123E43D650}.Release|iPhoneSimulator.Deploy.0 = Release|Any CPU
		{F70A40A8-647E-4C61-9F78-21123E43D650}.Release|x64.ActiveCfg = Release|Any CPU
		{F70A40A8-647E-4C61-9F78-21123E43D650}.Release|x64.Build.0 = Release|Any CPU
		{F70A40A8-647E-4C61-9F78-21123E43D650}.Release|x64.Deploy.0 = Release|Any CPU
		{F70A40A8-647E-4C61-9F78-21123E43D650}.Release|x86.ActiveCfg = Release|Any CPU
		{F70A40A8-647E-4C61-9F78-21123E43D650}.Release|x86.Build.0 = Release|Any CPU
		{F70A40A8-647E-4C61-9F78-21123E43D650}.Release|x86.Deploy.0 = Release|Any CPU
		{62823DD5-3C80-4005-8C94-A5560773DA7B}.Ad-Hoc|Any CPU.ActiveCfg = Ad-Hoc|iPhone
		{62823DD5-3C80-4005-8C94-A5560773DA7B}.Ad-Hoc|Any CPU.Build.0 = Ad-Hoc|iPhone
		{62823DD5-3C80-4005-8C94-A5560773DA7B}.Ad-Hoc|Any CPU.Deploy.0 = Ad-Hoc|iPhone
		{62823DD5-3C80-4005-8C94-A5560773DA7B}.Ad-Hoc|ARM.ActiveCfg = Ad-Hoc|iPhone
		{62823DD5-3C80-4005-8C94-A5560773DA7B}.Ad-Hoc|ARM.Build.0 = Ad-Hoc|iPhone
		{62823DD5-3C80-4005-8C94-A5560773DA7B}.Ad-Hoc|ARM.Deploy.0 = Ad-Hoc|iPhone
		{62823DD5-3C80-4005-8C94-A5560773DA7B}.Ad-Hoc|iPhone.ActiveCfg = Ad-Hoc|iPhone
		{62823DD5-3C80-4005-8C94-A5560773DA7B}.Ad-Hoc|iPhone.Build.0 = Ad-Hoc|iPhone
		{62823DD5-3C80-4005-8C94-A5560773DA7B}.Ad-Hoc|iPhone.Deploy.0 = Ad-Hoc|iPhone
		{62823DD5-3C80-4005-8C94-A5560773DA7B}.Ad-Hoc|iPhoneSimulator.ActiveCfg = Ad-Hoc|iPhoneSimulator
		{62823DD5-3C80-4005-8C94-A5560773DA7B}.Ad-Hoc|iPhoneSimulator.Build.0 = Ad-Hoc|iPhoneSimulator
		{62823DD5-3C80-4005-8C94-A5560773DA7B}.Ad-Hoc|iPhoneSimulator.Deploy.0 = Ad-Hoc|iPhoneSimulator
		{62823DD5-3C80-4005-8C94-A5560773DA7B}.Ad-Hoc|x64.ActiveCfg = Ad-Hoc|iPhone
		{62823DD5-3C80-4005-8C94-A5560773DA7B}.Ad-Hoc|x64.Build.0 = Ad-Hoc|iPhone
		{62823DD5-3C80-4005-8C94-A5560773DA7B}.Ad-Hoc|x64.Deploy.0 = Ad-Hoc|iPhone
		{62823DD5-3C80-4005-8C94-A5560773DA7B}.Ad-Hoc|x86.ActiveCfg = Ad-Hoc|iPhone
		{62823DD5-3C80-4005-8C94-A5560773DA7B}.Ad-Hoc|x86.Build.0 = Ad-Hoc|iPhone
		{62823DD5-3C80-4005-8C94-A5560773DA7B}.Ad-Hoc|x86.Deploy.0 = Ad-Hoc|iPhone
		{62823DD5-3C80-4005-8C94-A5560773DA7B}.AppStore|Any CPU.ActiveCfg = AppStore|iPhone
		{62823DD5-3C80-4005-8C94-A5560773DA7B}.AppStore|Any CPU.Build.0 = AppStore|iPhone
		{62823DD5-3C80-4005-8C94-A5560773DA7B}.AppStore|Any CPU.Deploy.0 = AppStore|iPhone
		{62823DD5-3C80-4005-8C94-A5560773DA7B}.AppStore|ARM.ActiveCfg = AppStore|iPhone
		{62823DD5-3C80-4005-8C94-A5560773DA7B}.AppStore|ARM.Build.0 = AppStore|iPhone
		{62823DD5-3C80-4005-8C94-A5560773DA7B}.AppStore|ARM.Deploy.0 = AppStore|iPhone
		{62823DD5-3C80-4005-8C94-A5560773DA7B}.AppStore|iPhone.ActiveCfg = AppStore|iPhone
		{62823DD5-3C80-4005-8C94-A5560773DA7B}.AppStore|iPhone.Build.0 = AppStore|iPhone
		{62823DD5-3C80-4005-8C94-A5560773DA7B}.AppStore|iPhone.Deploy.0 = AppStore|iPhone
		{62823DD5-3C80-4005-8C94-A5560773DA7B}.AppStore|iPhoneSimulator.ActiveCfg = AppStore|iPhoneSimulator
		{62823DD5-3C80-4005-8C94-A5560773DA7B}.AppStore|iPhoneSimulator.Build.0 = AppStore|iPhoneSimulator
		{62823DD5-3C80-4005-8C94-A5560773DA7B}.AppStore|iPhoneSimulator.Deploy.0 = AppStore|iPhoneSimulator
		{62823DD5-3C80-4005-8C94-A5560773DA7B}.AppStore|x64.ActiveCfg = AppStore|iPhone
		{62823DD5-3C80-4005-8C94-A5560773DA7B}.AppStore|x64.Build.0 = AppStore|iPhone
		{62823DD5-3C80-4005-8C94-A5560773DA7B}.AppStore|x64.Deploy.0 = AppStore|iPhone
		{62823DD5-3C80-4005-8C94-A5560773DA7B}.AppStore|x86.ActiveCfg = AppStore|iPhone
		{62823DD5-3C80-4005-8C94-A5560773DA7B}.AppStore|x86.Build.0 = AppStore|iPhone
		{62823DD5-3C80-4005-8C94-A5560773DA7B}.AppStore|x86.Deploy.0 = AppStore|iPhone
		{62823DD5-3C80-4005-8C94-A5560773DA7B}.Debug|Any CPU.ActiveCfg = Debug|iPhoneSimulator
		{62823DD5-3C80-4005-8C94-A5560773DA7B}.Debug|Any CPU.Build.0 = Debug|iPhoneSimulator
		{62823DD5-3C80-4005-8C94-A5560773DA7B}.Debug|Any CPU.Deploy.0 = Debug|iPhoneSimulator
		{62823DD5-3C80-4005-8C94-A5560773DA7B}.Debug|ARM.ActiveCfg = Debug|iPhone
		{62823DD5-3C80-4005-8C94-A5560773DA7B}.Debug|ARM.Build.0 = Debug|iPhone
		{62823DD5-3C80-4005-8C94-A5560773DA7B}.Debug|ARM.Deploy.0 = Debug|iPhone
		{62823DD5-3C80-4005-8C94-A5560773DA7B}.Debug|iPhone.ActiveCfg = Debug|iPhone
		{62823DD5-3C80-4005-8C94-A5560773DA7B}.Debug|iPhone.Build.0 = Debug|iPhone
		{62823DD5-3C80-4005-8C94-A5560773DA7B}.Debug|iPhone.Deploy.0 = Debug|iPhone
		{62823DD5-3C80-4005-8C94-A5560773DA7B}.Debug|iPhoneSimulator.ActiveCfg = Debug|iPhoneSimulator
		{62823DD5-3C80-4005-8C94-A5560773DA7B}.Debug|iPhoneSimulator.Build.0 = Debug|iPhoneSimulator
		{62823DD5-3C80-4005-8C94-A5560773DA7B}.Debug|iPhoneSimulator.Deploy.0 = Debug|iPhoneSimulator
		{62823DD5-3C80-4005-8C94-A5560773DA7B}.Debug|x64.ActiveCfg = Debug|iPhone
		{62823DD5-3C80-4005-8C94-A5560773DA7B}.Debug|x64.Build.0 = Debug|iPhone
		{62823DD5-3C80-4005-8C94-A5560773DA7B}.Debug|x64.Deploy.0 = Debug|iPhone
		{62823DD5-3C80-4005-8C94-A5560773DA7B}.Debug|x86.ActiveCfg = Debug|iPhone
		{62823DD5-3C80-4005-8C94-A5560773DA7B}.Debug|x86.Build.0 = Debug|iPhone
		{62823DD5-3C80-4005-8C94-A5560773DA7B}.Debug|x86.Deploy.0 = Debug|iPhone
		{62823DD5-3C80-4005-8C94-A5560773DA7B}.Release|Any CPU.ActiveCfg = Release|iPhone
		{62823DD5-3C80-4005-8C94-A5560773DA7B}.Release|Any CPU.Build.0 = Release|iPhone
		{62823DD5-3C80-4005-8C94-A5560773DA7B}.Release|Any CPU.Deploy.0 = Release|iPhone
		{62823DD5-3C80-4005-8C94-A5560773DA7B}.Release|ARM.ActiveCfg = Release|iPhone
		{62823DD5-3C80-4005-8C94-A5560773DA7B}.Release|ARM.Build.0 = Release|iPhone
		{62823DD5-3C80-4005-8C94-A5560773DA7B}.Release|ARM.Deploy.0 = Release|iPhone
		{62823DD5-3C80-4005-8C94-A5560773DA7B}.Release|iPhone.ActiveCfg = Release|iPhone
		{62823DD5-3C80-4005-8C94-A5560773DA7B}.Release|iPhone.Build.0 = Release|iPhone
		{62823DD5-3C80-4005-8C94-A5560773DA7B}.Release|iPhone.Deploy.0 = Release|iPhone
		{62823DD5-3C80-4005-8C94-A5560773DA7B}.Release|iPhoneSimulator.ActiveCfg = Release|iPhoneSimulator
		{62823DD5-3C80-4005-8C94-A5560773DA7B}.Release|iPhoneSimulator.Build.0 = Release|iPhoneSimulator
		{62823DD5-3C80-4005-8C94-A5560773DA7B}.Release|iPhoneSimulator.Deploy.0 = Release|iPhoneSimulator
		{62823DD5-3C80-4005-8C94-A5560773DA7B}.Release|x64.ActiveCfg = Release|iPhone
		{62823DD5-3C80-4005-8C94-A5560773DA7B}.Release|x64.Build.0 = Release|iPhone
		{62823DD5-3C80-4005-8C94-A5560773DA7B}.Release|x64.Deploy.0 = Release|iPhone
		{62823DD5-3C80-4005-8C94-A5560773DA7B}.Release|x86.ActiveCfg = Release|iPhone
		{62823DD5-3C80-4005-8C94-A5560773DA7B}.Release|x86.Build.0 = Release|iPhone
		{62823DD5-3C80-4005-8C94-A5560773DA7B}.Release|x86.Deploy.0 = Release|iPhone
		{E603256B-BD9A-4771-8CB0-1180FDFAA881}.Ad-Hoc|Any CPU.ActiveCfg = Release|x86
		{E603256B-BD9A-4771-8CB0-1180FDFAA881}.Ad-Hoc|Any CPU.Build.0 = Release|x86
		{E603256B-BD9A-4771-8CB0-1180FDFAA881}.Ad-Hoc|Any CPU.Deploy.0 = Release|x86
		{E603256B-BD9A-4771-8CB0-1180FDFAA881}.Ad-Hoc|ARM.ActiveCfg = Release|ARM
		{E603256B-BD9A-4771-8CB0-1180FDFAA881}.Ad-Hoc|ARM.Build.0 = Release|ARM
		{E603256B-BD9A-4771-8CB0-1180FDFAA881}.Ad-Hoc|ARM.Deploy.0 = Release|ARM
		{E603256B-BD9A-4771-8CB0-1180FDFAA881}.Ad-Hoc|iPhone.ActiveCfg = Release|x86
		{E603256B-BD9A-4771-8CB0-1180FDFAA881}.Ad-Hoc|iPhone.Build.0 = Release|x86
		{E603256B-BD9A-4771-8CB0-1180FDFAA881}.Ad-Hoc|iPhone.Deploy.0 = Release|x86
		{E603256B-BD9A-4771-8CB0-1180FDFAA881}.Ad-Hoc|iPhoneSimulator.ActiveCfg = Release|x86
		{E603256B-BD9A-4771-8CB0-1180FDFAA881}.Ad-Hoc|iPhoneSimulator.Build.0 = Release|x86
		{E603256B-BD9A-4771-8CB0-1180FDFAA881}.Ad-Hoc|iPhoneSimulator.Deploy.0 = Release|x86
		{E603256B-BD9A-4771-8CB0-1180FDFAA881}.Ad-Hoc|x64.ActiveCfg = Release|x64
		{E603256B-BD9A-4771-8CB0-1180FDFAA881}.Ad-Hoc|x64.Build.0 = Release|x64
		{E603256B-BD9A-4771-8CB0-1180FDFAA881}.Ad-Hoc|x64.Deploy.0 = Release|x64
		{E603256B-BD9A-4771-8CB0-1180FDFAA881}.Ad-Hoc|x86.ActiveCfg = Release|x86
		{E603256B-BD9A-4771-8CB0-1180FDFAA881}.Ad-Hoc|x86.Build.0 = Release|x86
		{E603256B-BD9A-4771-8CB0-1180FDFAA881}.Ad-Hoc|x86.Deploy.0 = Release|x86
		{E603256B-BD9A-4771-8CB0-1180FDFAA881}.AppStore|Any CPU.ActiveCfg = Release|x86
		{E603256B-BD9A-4771-8CB0-1180FDFAA881}.AppStore|Any CPU.Build.0 = Release|x86
		{E603256B-BD9A-4771-8CB0-1180FDFAA881}.AppStore|Any CPU.Deploy.0 = Release|x86
		{E603256B-BD9A-4771-8CB0-1180FDFAA881}.AppStore|ARM.ActiveCfg = Release|ARM
		{E603256B-BD9A-4771-8CB0-1180FDFAA881}.AppStore|ARM.Build.0 = Release|ARM
		{E603256B-BD9A-4771-8CB0-1180FDFAA881}.AppStore|ARM.Deploy.0 = Release|ARM
		{E603256B-BD9A-4771-8CB0-1180FDFAA881}.AppStore|iPhone.ActiveCfg = Release|x86
		{E603256B-BD9A-4771-8CB0-1180FDFAA881}.AppStore|iPhone.Build.0 = Release|x86
		{E603256B-BD9A-4771-8CB0-1180FDFAA881}.AppStore|iPhone.Deploy.0 = Release|x86
		{E603256B-BD9A-4771-8CB0-1180FDFAA881}.AppStore|iPhoneSimulator.ActiveCfg = Release|x86
		{E603256B-BD9A-4771-8CB0-1180FDFAA881}.AppStore|iPhoneSimulator.Build.0 = Release|x86
		{E603256B-BD9A-4771-8CB0-1180FDFAA881}.AppStore|iPhoneSimulator.Deploy.0 = Release|x86
		{E603256B-BD9A-4771-8CB0-1180FDFAA881}.AppStore|x64.ActiveCfg = Release|x64
		{E603256B-BD9A-4771-8CB0-1180FDFAA881}.AppStore|x64.Build.0 = Release|x64
		{E603256B-BD9A-4771-8CB0-1180FDFAA881}.AppStore|x64.Deploy.0 = Release|x64
		{E603256B-BD9A-4771-8CB0-1180FDFAA881}.AppStore|x86.ActiveCfg = Release|x86
		{E603256B-BD9A-4771-8CB0-1180FDFAA881}.AppStore|x86.Build.0 = Release|x86
		{E603256B-BD9A-4771-8CB0-1180FDFAA881}.AppStore|x86.Deploy.0 = Release|x86
		{E603256B-BD9A-4771-8CB0-1180FDFAA881}.Debug|Any CPU.ActiveCfg = Debug|x86
		{E603256B-BD9A-4771-8CB0-1180FDFAA881}.Debug|Any CPU.Build.0 = Debug|x86
		{E603256B-BD9A-4771-8CB0-1180FDFAA881}.Debug|Any CPU.Deploy.0 = Debug|x86
		{E603256B-BD9A-4771-8CB0-1180FDFAA881}.Debug|ARM.ActiveCfg = Debug|ARM
		{E603256B-BD9A-4771-8CB0-1180FDFAA881}.Debug|ARM.Build.0 = Debug|ARM
		{E603256B-BD9A-4771-8CB0-1180FDFAA881}.Debug|ARM.Deploy.0 = Debug|ARM
		{E603256B-BD9A-4771-8CB0-1180FDFAA881}.Debug|iPhone.ActiveCfg = Debug|x86
		{E603256B-BD9A-4771-8CB0-1180FDFAA881}.Debug|iPhone.Build.0 = Debug|x86
		{E603256B-BD9A-4771-8CB0-1180FDFAA881}.Debug|iPhone.Deploy.0 = Debug|x86
		{E603256B-BD9A-4771-8CB0-1180FDFAA881}.Debug|iPhoneSimulator.ActiveCfg = Debug|x86
		{E603256B-BD9A-4771-8CB0-1180FDFAA881}.Debug|iPhoneSimulator.Build.0 = Debug|x86
		{E603256B-BD9A-4771-8CB0-1180FDFAA881}.Debug|iPhoneSimulator.Deploy.0 = Debug|x86
		{E603256B-BD9A-4771-8CB0-1180FDFAA881}.Debug|x64.ActiveCfg = Debug|x64
		{E603256B-BD9A-4771-8CB0-1180FDFAA881}.Debug|x64.Build.0 = Debug|x64
		{E603256B-BD9A-4771-8CB0-1180FDFAA881}.Debug|x64.Deploy.0 = Debug|x64
		{E603256B-BD9A-4771-8CB0-1180FDFAA881}.Debug|x86.ActiveCfg = Debug|x86
		{E603256B-BD9A-4771-8CB0-1180FDFAA881}.Debug|x86.Build.0 = Debug|x86
		{E603256B-BD9A-4771-8CB0-1180FDFAA881}.Debug|x86.Deploy.0 = Debug|x86
		{E603256B-BD9A-4771-8CB0-1180FDFAA881}.Release|Any CPU.ActiveCfg = Release|x86
		{E603256B-BD9A-4771-8CB0-1180FDFAA881}.Release|Any CPU.Build.0 = Release|x86
		{E603256B-BD9A-4771-8CB0-1180FDFAA881}.Release|Any CPU.Deploy.0 = Release|x86
		{E603256B-BD9A-4771-8CB0-1180FDFAA881}.Release|ARM.ActiveCfg = Release|ARM
		{E603256B-BD9A-4771-8CB0-1180FDFAA881}.Release|ARM.Build.0 = Release|ARM
		{E603256B-BD9A-4771-8CB0-1180FDFAA881}.Release|ARM.Deploy.0 = Release|ARM
		{E603256B-BD9A-4771-8CB0-1180FDFAA881}.Release|iPhone.ActiveCfg = Release|x86
		{E603256B-BD9A-4771-8CB0-1180FDFAA881}.Release|iPhone.Build.0 = Release|x86
		{E603256B-BD9A-4771-8CB0-1180FDFAA881}.Release|iPhone.Deploy.0 = Release|x86
		{E603256B-BD9A-4771-8CB0-1180FDFAA881}.Release|iPhoneSimulator.ActiveCfg = Release|x86
		{E603256B-BD9A-4771-8CB0-1180FDFAA881}.Release|iPhoneSimulator.Build.0 = Release|x86
		{E603256B-BD9A-4771-8CB0-1180FDFAA881}.Release|iPhoneSimulator.Deploy.0 = Release|x86
		{E603256B-BD9A-4771-8CB0-1180FDFAA881}.Release|x64.ActiveCfg = Release|x64
		{E603256B-BD9A-4771-8CB0-1180FDFAA881}.Release|x64.Build.0 = Release|x64
		{E603256B-BD9A-4771-8CB0-1180FDFAA881}.Release|x64.Deploy.0 = Release|x64
		{E603256B-BD9A-4771-8CB0-1180FDFAA881}.Release|x86.ActiveCfg = Release|x86
		{E603256B-BD9A-4771-8CB0-1180FDFAA881}.Release|x86.Build.0 = Release|x86
		{E603256B-BD9A-4771-8CB0-1180FDFAA881}.Release|x86.Deploy.0 = Release|x86
		{00DF39F4-D873-4901-AE66-4C67BFF6775A}.Ad-Hoc|Any CPU.ActiveCfg = Debug|Any CPU
		{00DF39F4-D873-4901-AE66-4C67BFF6775A}.Ad-Hoc|Any CPU.Build.0 = Debug|Any CPU
		{00DF39F4-D873-4901-AE66-4C67BFF6775A}.Ad-Hoc|Any CPU.Deploy.0 = Debug|Any CPU
		{00DF39F4-D873-4901-AE66-4C67BFF6775A}.Ad-Hoc|ARM.ActiveCfg = Debug|Any CPU
		{00DF39F4-D873-4901-AE66-4C67BFF6775A}.Ad-Hoc|ARM.Build.0 = Debug|Any CPU
		{00DF39F4-D873-4901-AE66-4C67BFF6775A}.Ad-Hoc|ARM.Deploy.0 = Debug|Any CPU
		{00DF39F4-D873-4901-AE66-4C67BFF6775A}.Ad-Hoc|iPhone.ActiveCfg = Debug|Any CPU
		{00DF39F4-D873-4901-AE66-4C67BFF6775A}.Ad-Hoc|iPhone.Build.0 = Debug|Any CPU
		{00DF39F4-D873-4901-AE66-4C67BFF6775A}.Ad-Hoc|iPhone.Deploy.0 = Debug|Any CPU
		{00DF39F4-D873-4901-AE66-4C67BFF6775A}.Ad-Hoc|iPhoneSimulator.ActiveCfg = Debug|Any CPU
		{00DF39F4-D873-4901-AE66-4C67BFF6775A}.Ad-Hoc|iPhoneSimulator.Build.0 = Debug|Any CPU
		{00DF39F4-D873-4901-AE66-4C67BFF6775A}.Ad-Hoc|iPhoneSimulator.Deploy.0 = Debug|Any CPU
		{00DF39F4-D873-4901-AE66-4C67BFF6775A}.Ad-Hoc|x64.ActiveCfg = Debug|Any CPU
		{00DF39F4-D873-4901-AE66-4C67BFF6775A}.Ad-Hoc|x64.Build.0 = Debug|Any CPU
		{00DF39F4-D873-4901-AE66-4C67BFF6775A}.Ad-Hoc|x64.Deploy.0 = Debug|Any CPU
		{00DF39F4-D873-4901-AE66-4C67BFF6775A}.Ad-Hoc|x86.ActiveCfg = Debug|Any CPU
		{00DF39F4-D873-4901-AE66-4C67BFF6775A}.Ad-Hoc|x86.Build.0 = Debug|Any CPU
		{00DF39F4-D873-4901-AE66-4C67BFF6775A}.Ad-Hoc|x86.Deploy.0 = Debug|Any CPU
		{00DF39F4-D873-4901-AE66-4C67BFF6775A}.AppStore|Any CPU.ActiveCfg = Debug|Any CPU
		{00DF39F4-D873-4901-AE66-4C67BFF6775A}.AppStore|Any CPU.Build.0 = Debug|Any CPU
		{00DF39F4-D873-4901-AE66-4C67BFF6775A}.AppStore|Any CPU.Deploy.0 = Debug|Any CPU
		{00DF39F4-D873-4901-AE66-4C67BFF6775A}.AppStore|ARM.ActiveCfg = Debug|Any CPU
		{00DF39F4-D873-4901-AE66-4C67BFF6775A}.AppStore|ARM.Build.0 = Debug|Any CPU
		{00DF39F4-D873-4901-AE66-4C67BFF6775A}.AppStore|ARM.Deploy.0 = Debug|Any CPU
		{00DF39F4-D873-4901-AE66-4C67BFF6775A}.AppStore|iPhone.ActiveCfg = Debug|Any CPU
		{00DF39F4-D873-4901-AE66-4C67BFF6775A}.AppStore|iPhone.Build.0 = Debug|Any CPU
		{00DF39F4-D873-4901-AE66-4C67BFF6775A}.AppStore|iPhone.Deploy.0 = Debug|Any CPU
		{00DF39F4-D873-4901-AE66-4C67BFF6775A}.AppStore|iPhoneSimulator.ActiveCfg = Debug|Any CPU
		{00DF39F4-D873-4901-AE66-4C67BFF6775A}.AppStore|iPhoneSimulator.Build.0 = Debug|Any CPU
		{00DF39F4-D873-4901-AE66-4C67BFF6775A}.AppStore|iPhoneSimulator.Deploy.0 = Debug|Any CPU
		{00DF39F4-D873-4901-AE66-4C67BFF6775A}.AppStore|x64.ActiveCfg = Debug|Any CPU
		{00DF39F4-D873-4901-AE66-4C67BFF6775A}.AppStore|x64.Build.0 = Debug|Any CPU
		{00DF39F4-D873-4901-AE66-4C67BFF6775A}.AppStore|x64.Deploy.0 = Debug|Any CPU
		{00DF39F4-D873-4901-AE66-4C67BFF6775A}.AppStore|x86.ActiveCfg = Debug|Any CPU
		{00DF39F4-D873-4901-AE66-4C67BFF6775A}.AppStore|x86.Build.0 = Debug|Any CPU
		{00DF39F4-D873-4901-AE66-4C67BFF6775A}.AppStore|x86.Deploy.0 = Debug|Any CPU
		{00DF39F4-D873-4901-AE66-4C67BFF6775A}.Debug|Any CPU.ActiveCfg = Debug|Any CPU
		{00DF39F4-D873-4901-AE66-4C67BFF6775A}.Debug|Any CPU.Build.0 = Debug|Any CPU
		{00DF39F4-D873-4901-AE66-4C67BFF6775A}.Debug|Any CPU.Deploy.0 = Debug|Any CPU
		{00DF39F4-D873-4901-AE66-4C67BFF6775A}.Debug|ARM.ActiveCfg = Debug|Any CPU
		{00DF39F4-D873-4901-AE66-4C67BFF6775A}.Debug|ARM.Build.0 = Debug|Any CPU
		{00DF39F4-D873-4901-AE66-4C67BFF6775A}.Debug|ARM.Deploy.0 = Debug|Any CPU
		{00DF39F4-D873-4901-AE66-4C67BFF6775A}.Debug|iPhone.ActiveCfg = Debug|Any CPU
		{00DF39F4-D873-4901-AE66-4C67BFF6775A}.Debug|iPhone.Build.0 = Debug|Any CPU
		{00DF39F4-D873-4901-AE66-4C67BFF6775A}.Debug|iPhone.Deploy.0 = Debug|Any CPU
		{00DF39F4-D873-4901-AE66-4C67BFF6775A}.Debug|iPhoneSimulator.ActiveCfg = Debug|Any CPU
		{00DF39F4-D873-4901-AE66-4C67BFF6775A}.Debug|iPhoneSimulator.Build.0 = Debug|Any CPU
		{00DF39F4-D873-4901-AE66-4C67BFF6775A}.Debug|iPhoneSimulator.Deploy.0 = Debug|Any CPU
		{00DF39F4-D873-4901-AE66-4C67BFF6775A}.Debug|x64.ActiveCfg = Debug|Any CPU
		{00DF39F4-D873-4901-AE66-4C67BFF6775A}.Debug|x64.Build.0 = Debug|Any CPU
		{00DF39F4-D873-4901-AE66-4C67BFF6775A}.Debug|x64.Deploy.0 = Debug|Any CPU
		{00DF39F4-D873-4901-AE66-4C67BFF6775A}.Debug|x86.ActiveCfg = Debug|Any CPU
		{00DF39F4-D873-4901-AE66-4C67BFF6775A}.Debug|x86.Build.0 = Debug|Any CPU
		{00DF39F4-D873-4901-AE66-4C67BFF6775A}.Debug|x86.Deploy.0 = Debug|Any CPU
		{00DF39F4-D873-4901-AE66-4C67BFF6775A}.Release|Any CPU.ActiveCfg = Release|Any CPU
		{00DF39F4-D873-4901-AE66-4C67BFF6775A}.Release|Any CPU.Build.0 = Release|Any CPU
		{00DF39F4-D873-4901-AE66-4C67BFF6775A}.Release|Any CPU.Deploy.0 = Release|Any CPU
		{00DF39F4-D873-4901-AE66-4C67BFF6775A}.Release|ARM.ActiveCfg = Release|Any CPU
		{00DF39F4-D873-4901-AE66-4C67BFF6775A}.Release|ARM.Build.0 = Release|Any CPU
		{00DF39F4-D873-4901-AE66-4C67BFF6775A}.Release|ARM.Deploy.0 = Release|Any CPU
		{00DF39F4-D873-4901-AE66-4C67BFF6775A}.Release|iPhone.ActiveCfg = Release|Any CPU
		{00DF39F4-D873-4901-AE66-4C67BFF6775A}.Release|iPhone.Build.0 = Release|Any CPU
		{00DF39F4-D873-4901-AE66-4C67BFF6775A}.Release|iPhone.Deploy.0 = Release|Any CPU
		{00DF39F4-D873-4901-AE66-4C67BFF6775A}.Release|iPhoneSimulator.ActiveCfg = Release|Any CPU
		{00DF39F4-D873-4901-AE66-4C67BFF6775A}.Release|iPhoneSimulator.Build.0 = Release|Any CPU
		{00DF39F4-D873-4901-AE66-4C67BFF6775A}.Release|iPhoneSimulator.Deploy.0 = Release|Any CPU
		{00DF39F4-D873-4901-AE66-4C67BFF6775A}.Release|x64.ActiveCfg = Release|Any CPU
		{00DF39F4-D873-4901-AE66-4C67BFF6775A}.Release|x64.Build.0 = Release|Any CPU
		{00DF39F4-D873-4901-AE66-4C67BFF6775A}.Release|x64.Deploy.0 = Release|Any CPU
		{00DF39F4-D873-4901-AE66-4C67BFF6775A}.Release|x86.ActiveCfg = Release|Any CPU
		{00DF39F4-D873-4901-AE66-4C67BFF6775A}.Release|x86.Build.0 = Release|Any CPU
		{00DF39F4-D873-4901-AE66-4C67BFF6775A}.Release|x86.Deploy.0 = Release|Any CPU
	EndGlobalSection
	GlobalSection(SolutionProperties) = preSolution
		HideSolutionNode = FALSE
	EndGlobalSection
	GlobalSection(ExtensibilityGlobals) = postSolution
		SolutionGuid = {2088B62D-351D-43AD-9726-C5676D27B51A}
	EndGlobalSection
EndGlobal
