
Microsoft Visual Studio Solution File, Format Version 12.00
# Visual Studio 15
VisualStudioVersion = 15.0.27703.2026
MinimumVisualStudioVersion = 10.0.40219.1
Project("{FAE04EC0-301F-11D3-BF4B-00C04F79EFBC}") = "bm_hw_xam_forms.Android", "bm_hw_xam_forms\bm_hw_xam_forms.Android\bm_hw_xam_forms.Android.csproj", "{5B528353-C68B-4082-97CE-8A48D3912178}"
EndProject
Project("{FAE04EC0-301F-11D3-BF4B-00C04F79EFBC}") = "bm_hw_xam_forms.iOS", "bm_hw_xam_forms\bm_hw_xam_forms.iOS\bm_hw_xam_forms.iOS.csproj", "{5714D21E-7C00-4748-B365-19ED16FAA834}"
EndProject
Project("{FAE04EC0-301F-11D3-BF4B-00C04F79EFBC}") = "bm_hw_xam_forms", "bm_hw_xam_forms\bm_hw_xam_forms\bm_hw_xam_forms.csproj", "{E7029409-BE7A-4D18-89C8-38FA5EBB4723}"
EndProject
Global
	GlobalSection(SolutionConfigurationPlatforms) = preSolution
		Ad-Hoc|Any CPU = Ad-Hoc|Any CPU
		Ad-Hoc|iPhone = Ad-Hoc|iPhone
		Ad-Hoc|iPhoneSimulator = Ad-Hoc|iPhoneSimulator
		AppStore|Any CPU = AppStore|Any CPU
		AppStore|iPhone = AppStore|iPhone
		AppStore|iPhoneSimulator = AppStore|iPhoneSimulator
		Debug|Any CPU = Debug|Any CPU
		Debug|iPhone = Debug|iPhone
		Debug|iPhoneSimulator = Debug|iPhoneSimulator
		Release|Any CPU = Release|Any CPU
		Release|iPhone = Release|iPhone
		Release|iPhoneSimulator = Release|iPhoneSimulator
	EndGlobalSection
	GlobalSection(ProjectConfigurationPlatforms) = postSolution
		{5B528353-C68B-4082-97CE-8A48D3912178}.Ad-Hoc|Any CPU.ActiveCfg = Release|Any CPU
		{5B528353-C68B-4082-97CE-8A48D3912178}.Ad-Hoc|Any CPU.Build.0 = Release|Any CPU
		{5B528353-C68B-4082-97CE-8A48D3912178}.Ad-Hoc|Any CPU.Deploy.0 = Release|Any CPU
		{5B528353-C68B-4082-97CE-8A48D3912178}.Ad-Hoc|iPhone.ActiveCfg = Release|Any CPU
		{5B528353-C68B-4082-97CE-8A48D3912178}.Ad-Hoc|iPhone.Build.0 = Release|Any CPU
		{5B528353-C68B-4082-97CE-8A48D3912178}.Ad-Hoc|iPhone.Deploy.0 = Release|Any CPU
		{5B528353-C68B-4082-97CE-8A48D3912178}.Ad-Hoc|iPhoneSimulator.ActiveCfg = Release|Any CPU
		{5B528353-C68B-4082-97CE-8A48D3912178}.Ad-Hoc|iPhoneSimulator.Build.0 = Release|Any CPU
		{5B528353-C68B-4082-97CE-8A48D3912178}.Ad-Hoc|iPhoneSimulator.Deploy.0 = Release|Any CPU
		{5B528353-C68B-4082-97CE-8A48D3912178}.AppStore|Any CPU.ActiveCfg = Release|Any CPU
		{5B528353-C68B-4082-97CE-8A48D3912178}.AppStore|Any CPU.Build.0 = Release|Any CPU
		{5B528353-C68B-4082-97CE-8A48D3912178}.AppStore|Any CPU.Deploy.0 = Release|Any CPU
		{5B528353-C68B-4082-97CE-8A48D3912178}.AppStore|iPhone.ActiveCfg = Release|Any CPU
		{5B528353-C68B-4082-97CE-8A48D3912178}.AppStore|iPhone.Build.0 = Release|Any CPU
		{5B528353-C68B-4082-97CE-8A48D3912178}.AppStore|iPhone.Deploy.0 = Release|Any CPU
		{5B528353-C68B-4082-97CE-8A48D3912178}.AppStore|iPhoneSimulator.ActiveCfg = Release|Any CPU
		{5B528353-C68B-4082-97CE-8A48D3912178}.AppStore|iPhoneSimulator.Build.0 = Release|Any CPU
		{5B528353-C68B-4082-97CE-8A48D3912178}.AppStore|iPhoneSimulator.Deploy.0 = Release|Any CPU
		{5B528353-C68B-4082-97CE-8A48D3912178}.Debug|Any CPU.ActiveCfg = Debug|Any CPU
		{5B528353-C68B-4082-97CE-8A48D3912178}.Debug|Any CPU.Build.0 = Debug|Any CPU
		{5B528353-C68B-4082-97CE-8A48D3912178}.Debug|Any CPU.Deploy.0 = Debug|Any CPU
		{5B528353-C68B-4082-97CE-8A48D3912178}.Debug|iPhone.ActiveCfg = Debug|Any CPU
		{5B528353-C68B-4082-97CE-8A48D3912178}.Debug|iPhone.Build.0 = Debug|Any CPU
		{5B528353-C68B-4082-97CE-8A48D3912178}.Debug|iPhone.Deploy.0 = Debug|Any CPU
		{5B528353-C68B-4082-97CE-8A48D3912178}.Debug|iPhoneSimulator.ActiveCfg = Debug|Any CPU
		{5B528353-C68B-4082-97CE-8A48D3912178}.Debug|iPhoneSimulator.Build.0 = Debug|Any CPU
		{5B528353-C68B-4082-97CE-8A48D3912178}.Debug|iPhoneSimulator.Deploy.0 = Debug|Any CPU
		{5B528353-C68B-4082-97CE-8A48D3912178}.Release|Any CPU.ActiveCfg = Release|Any CPU
		{5B528353-C68B-4082-97CE-8A48D3912178}.Release|Any CPU.Build.0 = Release|Any CPU
		{5B528353-C68B-4082-97CE-8A48D3912178}.Release|Any CPU.Deploy.0 = Release|Any CPU
		{5B528353-C68B-4082-97CE-8A48D3912178}.Release|iPhone.ActiveCfg = Release|Any CPU
		{5B528353-C68B-4082-97CE-8A48D3912178}.Release|iPhone.Build.0 = Release|Any CPU
		{5B528353-C68B-4082-97CE-8A48D3912178}.Release|iPhone.Deploy.0 = Release|Any CPU
		{5B528353-C68B-4082-97CE-8A48D3912178}.Release|iPhoneSimulator.ActiveCfg = Release|Any CPU
		{5B528353-C68B-4082-97CE-8A48D3912178}.Release|iPhoneSimulator.Build.0 = Release|Any CPU
		{5B528353-C68B-4082-97CE-8A48D3912178}.Release|iPhoneSimulator.Deploy.0 = Release|Any CPU
		{5714D21E-7C00-4748-B365-19ED16FAA834}.Ad-Hoc|Any CPU.ActiveCfg = Ad-Hoc|iPhone
		{5714D21E-7C00-4748-B365-19ED16FAA834}.Ad-Hoc|Any CPU.Build.0 = Ad-Hoc|iPhone
		{5714D21E-7C00-4748-B365-19ED16FAA834}.Ad-Hoc|Any CPU.Deploy.0 = Ad-Hoc|iPhone
		{5714D21E-7C00-4748-B365-19ED16FAA834}.Ad-Hoc|iPhone.ActiveCfg = Ad-Hoc|iPhone
		{5714D21E-7C00-4748-B365-19ED16FAA834}.Ad-Hoc|iPhone.Build.0 = Ad-Hoc|iPhone
		{5714D21E-7C00-4748-B365-19ED16FAA834}.Ad-Hoc|iPhone.Deploy.0 = Ad-Hoc|iPhone
		{5714D21E-7C00-4748-B365-19ED16FAA834}.Ad-Hoc|iPhoneSimulator.ActiveCfg = Ad-Hoc|iPhoneSimulator
		{5714D21E-7C00-4748-B365-19ED16FAA834}.Ad-Hoc|iPhoneSimulator.Build.0 = Ad-Hoc|iPhoneSimulator
		{5714D21E-7C00-4748-B365-19ED16FAA834}.Ad-Hoc|iPhoneSimulator.Deploy.0 = Ad-Hoc|iPhoneSimulator
		{5714D21E-7C00-4748-B365-19ED16FAA834}.AppStore|Any CPU.ActiveCfg = AppStore|iPhone
		{5714D21E-7C00-4748-B365-19ED16FAA834}.AppStore|Any CPU.Build.0 = AppStore|iPhone
		{5714D21E-7C00-4748-B365-19ED16FAA834}.AppStore|Any CPU.Deploy.0 = AppStore|iPhone
		{5714D21E-7C00-4748-B365-19ED16FAA834}.AppStore|iPhone.ActiveCfg = AppStore|iPhone
		{5714D21E-7C00-4748-B365-19ED16FAA834}.AppStore|iPhone.Build.0 = AppStore|iPhone
		{5714D21E-7C00-4748-B365-19ED16FAA834}.AppStore|iPhone.Deploy.0 = AppStore|iPhone
		{5714D21E-7C00-4748-B365-19ED16FAA834}.AppStore|iPhoneSimulator.ActiveCfg = AppStore|iPhoneSimulator
		{5714D21E-7C00-4748-B365-19ED16FAA834}.AppStore|iPhoneSimulator.Build.0 = AppStore|iPhoneSimulator
		{5714D21E-7C00-4748-B365-19ED16FAA834}.AppStore|iPhoneSimulator.Deploy.0 = AppStore|iPhoneSimulator
		{5714D21E-7C00-4748-B365-19ED16FAA834}.Debug|Any CPU.ActiveCfg = Debug|iPhoneSimulator
		{5714D21E-7C00-4748-B365-19ED16FAA834}.Debug|Any CPU.Build.0 = Debug|iPhoneSimulator
		{5714D21E-7C00-4748-B365-19ED16FAA834}.Debug|Any CPU.Deploy.0 = Debug|iPhoneSimulator
		{5714D21E-7C00-4748-B365-19ED16FAA834}.Debug|iPhone.ActiveCfg = Debug|iPhone
		{5714D21E-7C00-4748-B365-19ED16FAA834}.Debug|iPhone.Build.0 = Debug|iPhone
		{5714D21E-7C00-4748-B365-19ED16FAA834}.Debug|iPhone.Deploy.0 = Debug|iPhone
		{5714D21E-7C00-4748-B365-19ED16FAA834}.Debug|iPhoneSimulator.ActiveCfg = Debug|iPhoneSimulator
		{5714D21E-7C00-4748-B365-19ED16FAA834}.Debug|iPhoneSimulator.Build.0 = Debug|iPhoneSimulator
		{5714D21E-7C00-4748-B365-19ED16FAA834}.Debug|iPhoneSimulator.Deploy.0 = Debug|iPhoneSimulator
		{5714D21E-7C00-4748-B365-19ED16FAA834}.Release|Any CPU.ActiveCfg = Release|iPhone
		{5714D21E-7C00-4748-B365-19ED16FAA834}.Release|Any CPU.Build.0 = Release|iPhone
		{5714D21E-7C00-4748-B365-19ED16FAA834}.Release|Any CPU.Deploy.0 = Release|iPhone
		{5714D21E-7C00-4748-B365-19ED16FAA834}.Release|iPhone.ActiveCfg = Release|iPhone
		{5714D21E-7C00-4748-B365-19ED16FAA834}.Release|iPhone.Build.0 = Release|iPhone
		{5714D21E-7C00-4748-B365-19ED16FAA834}.Release|iPhone.Deploy.0 = Release|iPhone
		{5714D21E-7C00-4748-B365-19ED16FAA834}.Release|iPhoneSimulator.ActiveCfg = Release|iPhoneSimulator
		{5714D21E-7C00-4748-B365-19ED16FAA834}.Release|iPhoneSimulator.Build.0 = Release|iPhoneSimulator
		{5714D21E-7C00-4748-B365-19ED16FAA834}.Release|iPhoneSimulator.Deploy.0 = Release|iPhoneSimulator
		{E7029409-BE7A-4D18-89C8-38FA5EBB4723}.Ad-Hoc|Any CPU.ActiveCfg = Debug|Any CPU
		{E7029409-BE7A-4D18-89C8-38FA5EBB4723}.Ad-Hoc|Any CPU.Build.0 = Debug|Any CPU
		{E7029409-BE7A-4D18-89C8-38FA5EBB4723}.Ad-Hoc|Any CPU.Deploy.0 = Debug|Any CPU
		{E7029409-BE7A-4D18-89C8-38FA5EBB4723}.Ad-Hoc|iPhone.ActiveCfg = Debug|Any CPU
		{E7029409-BE7A-4D18-89C8-38FA5EBB4723}.Ad-Hoc|iPhone.Build.0 = Debug|Any CPU
		{E7029409-BE7A-4D18-89C8-38FA5EBB4723}.Ad-Hoc|iPhone.Deploy.0 = Debug|Any CPU
		{E7029409-BE7A-4D18-89C8-38FA5EBB4723}.Ad-Hoc|iPhoneSimulator.ActiveCfg = Debug|Any CPU
		{E7029409-BE7A-4D18-89C8-38FA5EBB4723}.Ad-Hoc|iPhoneSimulator.Build.0 = Debug|Any CPU
		{E7029409-BE7A-4D18-89C8-38FA5EBB4723}.Ad-Hoc|iPhoneSimulator.Deploy.0 = Debug|Any CPU
		{E7029409-BE7A-4D18-89C8-38FA5EBB4723}.AppStore|Any CPU.ActiveCfg = Debug|Any CPU
		{E7029409-BE7A-4D18-89C8-38FA5EBB4723}.AppStore|Any CPU.Build.0 = Debug|Any CPU
		{E7029409-BE7A-4D18-89C8-38FA5EBB4723}.AppStore|Any CPU.Deploy.0 = Debug|Any CPU
		{E7029409-BE7A-4D18-89C8-38FA5EBB4723}.AppStore|iPhone.ActiveCfg = Debug|Any CPU
		{E7029409-BE7A-4D18-89C8-38FA5EBB4723}.AppStore|iPhone.Build.0 = Debug|Any CPU
		{E7029409-BE7A-4D18-89C8-38FA5EBB4723}.AppStore|iPhone.Deploy.0 = Debug|Any CPU
		{E7029409-BE7A-4D18-89C8-38FA5EBB4723}.AppStore|iPhoneSimulator.ActiveCfg = Debug|Any CPU
		{E7029409-BE7A-4D18-89C8-38FA5EBB4723}.AppStore|iPhoneSimulator.Build.0 = Debug|Any CPU
		{E7029409-BE7A-4D18-89C8-38FA5EBB4723}.AppStore|iPhoneSimulator.Deploy.0 = Debug|Any CPU
		{E7029409-BE7A-4D18-89C8-38FA5EBB4723}.Debug|Any CPU.ActiveCfg = Debug|Any CPU
		{E7029409-BE7A-4D18-89C8-38FA5EBB4723}.Debug|Any CPU.Build.0 = Debug|Any CPU
		{E7029409-BE7A-4D18-89C8-38FA5EBB4723}.Debug|Any CPU.Deploy.0 = Debug|Any CPU
		{E7029409-BE7A-4D18-89C8-38FA5EBB4723}.Debug|iPhone.ActiveCfg = Debug|Any CPU
		{E7029409-BE7A-4D18-89C8-38FA5EBB4723}.Debug|iPhone.Build.0 = Debug|Any CPU
		{E7029409-BE7A-4D18-89C8-38FA5EBB4723}.Debug|iPhone.Deploy.0 = Debug|Any CPU
		{E7029409-BE7A-4D18-89C8-38FA5EBB4723}.Debug|iPhoneSimulator.ActiveCfg = Debug|Any CPU
		{E7029409-BE7A-4D18-89C8-38FA5EBB4723}.Debug|iPhoneSimulator.Build.0 = Debug|Any CPU
		{E7029409-BE7A-4D18-89C8-38FA5EBB4723}.Debug|iPhoneSimulator.Deploy.0 = Debug|Any CPU
		{E7029409-BE7A-4D18-89C8-38FA5EBB4723}.Release|Any CPU.ActiveCfg = Release|Any CPU
		{E7029409-BE7A-4D18-89C8-38FA5EBB4723}.Release|Any CPU.Build.0 = Release|Any CPU
		{E7029409-BE7A-4D18-89C8-38FA5EBB4723}.Release|Any CPU.Deploy.0 = Release|Any CPU
		{E7029409-BE7A-4D18-89C8-38FA5EBB4723}.Release|iPhone.ActiveCfg = Release|Any CPU
		{E7029409-BE7A-4D18-89C8-38FA5EBB4723}.Release|iPhone.Build.0 = Release|Any CPU
		{E7029409-BE7A-4D18-89C8-38FA5EBB4723}.Release|iPhone.Deploy.0 = Release|Any CPU
		{E7029409-BE7A-4D18-89C8-38FA5EBB4723}.Release|iPhoneSimulator.ActiveCfg = Release|Any CPU
		{E7029409-BE7A-4D18-89C8-38FA5EBB4723}.Release|iPhoneSimulator.Build.0 = Release|Any CPU
		{E7029409-BE7A-4D18-89C8-38FA5EBB4723}.Release|iPhoneSimulator.Deploy.0 = Release|Any CPU
	EndGlobalSection
	GlobalSection(SolutionProperties) = preSolution
		HideSolutionNode = FALSE
	EndGlobalSection
	GlobalSection(ExtensibilityGlobals) = postSolution
		SolutionGuid = {9AD633F9-6F72-4700-8366-C93E0D67CA5E}
	EndGlobalSection
EndGlobal
